
Microsoft Visual Studio Solution File, Format Version 11.00
# Visual Studio 2010
Project("{8BC9CEB8-8B4A-11D0-8D11-00A0C91BC942}") = "GlbComm", "001CSrc\GlbComm\GlbComm.vcxproj", "{B271B7FE-CD5A-4970-829A-D2220F6271B6}"
EndProject
Project("{2150E333-8FDC-42A3-9474-1A3956D46DE8}") = "GlbDataEngine", "GlbDataEngine", "{0B891D8A-3C6F-4C53-B73B-7346569F4426}"
EndProject
Project("{8BC9CEB8-8B4A-11D0-8D11-00A0C91BC942}") = "GlbGlobe", "001CSrc\GlbGlobe\GlbGlobe\GlbGlobe.vcxproj", "{67A428E5-5537-4D50-8F0A-DCEE01B4BAB5}"
EndProject
Project("{8BC9CEB8-8B4A-11D0-8D11-00A0C91BC942}") = "GlbGlobeObject", "001CSrc\GlbGlobe\GlbGlobeObject\GlbGlobeObject.vcxproj", "{86FC5ADF-CFB0-405E-B542-ED43E551435F}"
EndProject
Project("{8BC9CEB8-8B4A-11D0-8D11-00A0C91BC942}") = "GlbGlobeSymbol", "001CSrc\GlbGlobe\GlbGlobeSymbol\GlbGlobeSymbol.vcxproj", "{7B2551ED-4F29-45D9-A33C-687FFEDB7317}"
EndProject
Project("{2150E333-8FDC-42A3-9474-1A3956D46DE8}") = "GlbTools", "GlbTools", "{5EDA46D8-A24C-4B74-AE13-BE976EEC61B6}"
EndProject
Project("{8BC9CEB8-8B4A-11D0-8D11-00A0C91BC942}") = "GlbDataEngineFile", "001CSrc\GlbDataSource\GlbDataEngineFile\GlbDataEngineFile.vcxproj", "{7C9C9C96-3482-48DE-BDE0-C42BEDD46CB3}"
EndProject
Project("{8BC9CEB8-8B4A-11D0-8D11-00A0C91BC942}") = "GlbDataEngineOracle", "001CSrc\GlbDataSource\GlbDataEngineOracle\GlbDataEngineOracle.vcxproj", "{5988C4B5-CF83-4698-820B-059C8333D711}"
EndProject
Project("{2150E333-8FDC-42A3-9474-1A3956D46DE8}") = "CRLSrc", "CRLSrc", "{B00F9B97-54E9-4D7F-8AB0-71BFD6028C79}"
EndProject
Project("{8BC9CEB8-8B4A-11D0-8D11-00A0C91BC942}") = "NGlbDataEngine", "002CrlSrc\NGlbDataEngine\NGlbDataEngine.vcxproj", "{51E32D2B-B7F3-4F55-8F1A-1AF933BC17F1}"
EndProject
Project("{8BC9CEB8-8B4A-11D0-8D11-00A0C91BC942}") = "dataEngineTest", "001CSrc\GlbDataSource\dataEngineTest\dataEngineTest.vcxproj", "{EDAA3D5D-116C-4EA2-AD91-827A69A2B574}"
EndProject
Project("{FAE04EC0-301F-11D3-BF4B-00C04F79EFBC}") = "NGlbTBuilder", "003NetSrc\NGlbTBuilder\NGlbTBuilder.csproj", "{73BBB960-F7F6-46D9-990D-2A9CAFF1858D}"
EndProject
Project("{2150E333-8FDC-42A3-9474-1A3956D46DE8}") = "WebSvr", "WebSvr", "{B6B49342-DF84-47B3-B752-54C79AE2DE03}"
EndProject
Project("{FAE04EC0-301F-11D3-BF4B-00C04F79EFBC}") = "GlbFS", "004WebSvr\GlbFS\GlbFS.csproj", "{C58502B4-4032-45AE-B759-4FA5D3526CAD}"
EndProject
Project("{FAE04EC0-301F-11D3-BF4B-00C04F79EFBC}") = "GlbTS", "004WebSvr\GlbTS\GlbTS.csproj", "{6A213FA0-3235-42B8-B6ED-BF2A9AE75B05}"
EndProject
Project("{FAE04EC0-301F-11D3-BF4B-00C04F79EFBC}") = "GlbFSMG", "004WebSvr\GlbFSMG\GlbFSMG.csproj", "{8B9C2D7A-2984-48DA-993F-E9018279E4F4}"
EndProject
Project("{FAE04EC0-301F-11D3-BF4B-00C04F79EFBC}") = "GlbUMG", "004WebSvr\GlbUMG\GlbUMG.csproj", "{D0DD6403-E43F-4F1C-A2BB-A4E577C4D60C}"
EndProject
Project("{FAE04EC0-301F-11D3-BF4B-00C04F79EFBC}") = "GlbWSDS", "004WebSvr\GlbWSDS\GlbWSDS.csproj", "{E108C75A-E06A-4F4B-9D46-16F332CBDC89}"
EndProject
Project("{FAE04EC0-301F-11D3-BF4B-00C04F79EFBC}") = "GlbWSDSFile", "004WebSvr\GlbWSDSFile\GlbWSDSFile.csproj", "{C9EEF438-F44E-4A73-B099-17127B6013D2}"
EndProject
Project("{8BC9CEB8-8B4A-11D0-8D11-00A0C91BC942}") = "GlbDataEngineTS", "001CSrc\GlbDataSource\GlbDataEngineTS\GlbDataEngineTS.vcxproj", "{DFEA05E6-70D1-4325-B3FD-6CCE8192F61B}"
EndProject
Project("{8BC9CEB8-8B4A-11D0-8D11-00A0C91BC942}") = "GlbDataEngineFS", "001CSrc\GlbDataSource\GlbDataEngineFS\GlbDataEngineFS.vcxproj", "{D90EC54A-D369-4EEF-BA3F-E30BD539E559}"
EndProject
Project("{FAE04EC0-301F-11D3-BF4B-00C04F79EFBC}") = "GlbTSMG", "004WebSvr\GlbTSMG\GlbTSMG.csproj", "{06E4F7D0-9775-48A0-9512-5564CD7F9BB0}"
EndProject
Project("{8BC9CEB8-8B4A-11D0-8D11-00A0C91BC942}") = "NGlbDCSymModel", "003NetSrc\NGlbDataCenter\NGlbDCSymModel\NGlbDCSymModel.vcxproj", "{2CE873DF-B360-4578-ABDA-25971CFD2E7B}"
EndProject
Project("{8BC9CEB8-8B4A-11D0-8D11-00A0C91BC942}") = "NGlbGlobe", "002CrlSrc\NGlbGlobe\NGlbGlobe\NGlbGlobe.vcxproj", "{2F7B4AB3-E016-4473-B1FA-DCA9D1A62278}"
EndProject
Project("{FAE04EC0-301F-11D3-BF4B-00C04F79EFBC}") = "creatarGlobeExplorer", "003NetSrc\NGlbExplorer\creatarGlobeExplorer.csproj", "{AB3109F1-4EE1-4572-B000-D73A0A87216B}"
EndProject
Project("{FAE04EC0-301F-11D3-BF4B-00C04F79EFBC}") = "NGlbDataCenter", "003NetSrc\NGlbDataCenter\NGlbDataCenter.csproj", "{5E83B55B-2C64-4BBE-8078-4567196CFA67}"
EndProject
Project("{8BC9CEB8-8B4A-11D0-8D11-00A0C91BC942}") = "GlbGlobeElement", "001CSrc\GlbGlobe\GlbGlobeElement\GlbGlobeElement.vcxproj", "{00886641-6E83-48E8-B624-BDE8A5CDF515}"
EndProject
Project("{FAE04EC0-301F-11D3-BF4B-00C04F79EFBC}") = "GlbWSDSOracle", "004WebSvr\GlbWSDSOracle\GlbWSDSOracle.csproj", "{459F540F-1AFE-4A43-A289-CD3BE72ACCDF}"
EndProject
Project("{8BC9CEB8-8B4A-11D0-8D11-00A0C91BC942}") = "TiltPfConvertTool", "001CSrc\TiltPfConvertTool\TiltPfConvertTool\TiltPfConvertTool.vcxproj", "{69D87D42-D090-45F6-813C-FC055280EE57}"
EndProject
Project("{2150E333-8FDC-42A3-9474-1A3956D46DE8}") = "GlbOcx", "GlbOcx", "{0D6638D8-E3CC-41C2-9F27-70AFD96E82EA}"
EndProject
Project("{FAE04EC0-301F-11D3-BF4B-00C04F79EFBC}") = "NGlbGlobeX", "003NetSrc\NGlbGlobeX\NGlbGlobeX.csproj", "{ED253D0A-2D02-4DE7-A8DE-37BC4A93D346}"
EndProject
Project("{FAE04EC0-301F-11D3-BF4B-00C04F79EFBC}") = "NGlbLayerProp", "003NetSrc\NGlbLayerProp\NGlbLayerProp.csproj", "{39EC6907-874B-4E37-B205-FFB2D4C92AB0}"
EndProject
Project("{2150E333-8FDC-42A3-9474-1A3956D46DE8}") = "GlbGlobe", "GlbGlobe", "{54CF80A1-7C28-4A68-B853-02498E97C1D0}"
EndProject
Project("{8BC9CEB8-8B4A-11D0-8D11-00A0C91BC942}") = "GlbDataEngine", "001CSrc\GlbDataSource\GlbDataEngine\GlbDataEngine.vcxproj", "{2B71B2F0-EA7C-4549-93FE-15CE01774631}"
EndProject
Project("{2150E333-8FDC-42A3-9474-1A3956D46DE8}") = "GlbLic", "GlbLic", "{1E96F969-1AA1-4C5D-BE41-8A27EF28EDB2}"
EndProject
Project("{8BC9CEB8-8B4A-11D0-8D11-00A0C91BC942}") = "GlbGlobeOcean", "001CSrc\GlbGlobe\GlbGlobeOcean\GlbOcean.vcxproj", "{A92C880B-A632-4EF9-9F29-621835CDE755}"
EndProject
Project("{8BC9CEB8-8B4A-11D0-8D11-00A0C91BC942}") = "osgtest", "001CSrc\GlbGlobe\osgtest\osgtest.vcxproj", "{484238C7-6B0B-4EA0-A65F-8BE74D144E24}"
EndProject
Project("{FAE04EC0-301F-11D3-BF4B-00C04F79EFBC}") = "GlbLicServer", "005Lic\GlbLicServer\GlbLicServer.csproj", "{2EE3C817-0EEC-422F-B388-D3D7EF5C1B6F}"
EndProject
Project("{FAE04EC0-301F-11D3-BF4B-00C04F79EFBC}") = "GlbLicServerMG", "005Lic\GlbLicServerMG\GlbLicServerMG.csproj", "{F27C14EE-1AAD-416F-B86E-83743A80B0DE}"
EndProject
Project("{FAE04EC0-301F-11D3-BF4B-00C04F79EFBC}") = "GlbLicwcf", "005Lic\GlbLicwcf\GlbLicwcf.csproj", "{1A737DFA-DE02-4446-A6AB-26691DCAC6EB}"
EndProject
Project("{2150E333-8FDC-42A3-9474-1A3956D46DE8}") = "tcp", "tcp", "{87F0CE37-2CDA-40F3-B620-554DB4ABBCB3}"
EndProject
Project("{FAE04EC0-301F-11D3-BF4B-00C04F79EFBC}") = "GlbLicServer", "005Lic\tcp\GlbLicServer\GlbLicServer.csproj", "{A02CD50F-D48F-40A1-BB9B-B70084057F61}"
EndProject
Project("{8BC9CEB8-8B4A-11D0-8D11-00A0C91BC942}") = "GlbLicLib", "005Lic\tcp\GlbLicLib\GlbLicLib.vcxproj", "{110016BD-D02B-4AE6-BE40-AB6653996B9C}"
EndProject
Project("{54435603-DBB4-11D2-8724-00A0C9A8B90C}") = "NGlbGlobeX_Install", "006Setup\NGlbGlobeX_Install\NGlbGlobeX_Install.vdproj", "{5E6559C7-0116-4D18-9FD7-DBCB07725300}"
EndProject
Project("{FAE04EC0-301F-11D3-BF4B-00C04F79EFBC}") = "GlbLicGen", "005Lic\tcp\GlbLicGen\GlbLicGen.csproj", "{305C5BAB-543A-4332-8DB2-C62F365F4E52}"
EndProject
Project("{54435603-DBB4-11D2-8724-00A0C9A8B90C}") = "creatarServer_X86", "006Setup\creatarServer_X86\creatarServer_X86.vdproj", "{120EBCB4-0705-48FD-BA9B-27B5D9ED796D}"
EndProject
Project("{8BC9CEB8-8B4A-11D0-8D11-00A0C91BC942}") = "NGlbAnalysis", "002CrlSrc\NGlbAnalysis\NGlbAnalysis.vcxproj", "{5D7BBE32-2AAD-46FF-B04B-BCE2A7FD347A}"
EndProject
Project("{2150E333-8FDC-42A3-9474-1A3956D46DE8}") = "GlbAnalysis", "GlbAnalysis", "{BD418A08-8FB4-4781-ABE4-091900CE7924}"
EndProject
Project("{8BC9CEB8-8B4A-11D0-8D11-00A0C91BC942}") = "GlbDrillAnalyse", "001CSrc\GlbAnalyse\GlbDrillAnalyse\GlbDrillAnalyse.vcxproj", "{45D92B35-39AF-4AF2-8F31-B781A99108F8}"
EndProject
Project("{8BC9CEB8-8B4A-11D0-8D11-00A0C91BC942}") = "GlbSectionAnalyse", "001CSrc\GlbAnalyse\GlbSectionAnalyse\GlbSectionAnalyse.vcxproj", "{F2112FBB-89D3-44B7-AA25-044C24E09770}"
EndProject
Project("{8BC9CEB8-8B4A-11D0-8D11-00A0C91BC942}") = "creatarGlobeMfc", "001CSrc\GlbGlobe\creatarGlobeMfc\creatarGlobeMfc.vcxproj", "{780AE895-BB69-47E4-8EAB-7FE48817A9C2}"
EndProject
Project("{8BC9CEB8-8B4A-11D0-8D11-00A0C91BC942}") = "GlbDataEngineWeb", "001CSrc\GlbDataSource\GlbDataEngineWeb\GlbDataEngineWeb.vcxproj", "{893BCB18-93FF-4B8B-90E5-C50F981847A5}"
EndProject
Project("{FAE04EC0-301F-11D3-BF4B-00C04F79EFBC}") = "GlobeXDebug", "GlobeXDebug\GlobeXDebug.csproj", "{3E03F299-89E6-48B1-875B-8B49492F9646}"
EndProject
Project("{8BC9CEB8-8B4A-11D0-8D11-00A0C91BC942}") = "GlbAlgorithm", "001CSrc\GlbAlgorithm\GlbAlgorithm.vcxproj", "{EC06C061-BF84-4D54-B681-46C3F631AD5B}"
EndProject
Project("{2150E333-8FDC-42A3-9474-1A3956D46DE8}") = "test", "test", "{D30B724D-ED79-4B5F-8AB6-6DEFA86FC0AC}"
EndProject
Project("{FAE04EC0-301F-11D3-BF4B-00C04F79EFBC}") = "GlobeDemoExplorer", "007Test\GlobeDemoExplorer\GlobeDemoExplorer.csproj", "{B0D0C240-8679-41AA-9902-C53588210506}"
EndProject
Project("{54435603-DBB4-11D2-8724-00A0C9A8B90C}") = "NGlbGlobeX64_Install", "006Setup\NGlbGlobeX64_Install\NGlbGlobeX64_Install.vdproj", "{67C50385-6B96-45F8-9481-4D7EAC4E2548}"
EndProject
Project("{8BC9CEB8-8B4A-11D0-8D11-00A0C91BC942}") = "NGlbComm", "002CrlSrc\NGlbComm\NGlbComm.vcxproj", "{C50C7569-A59A-4FAB-94AD-90308CADACCD}"
EndProject
Global
	GlobalSection(SolutionConfigurationPlatforms) = preSolution
		Debug|Any CPU = Debug|Any CPU
		Debug|Mixed Platforms = Debug|Mixed Platforms
		Debug|Win32 = Debug|Win32
		Debug|x64 = Debug|x64
		Debug|x86 = Debug|x86
		Release|Any CPU = Release|Any CPU
		Release|Mixed Platforms = Release|Mixed Platforms
		Release|Win32 = Release|Win32
		Release|x64 = Release|x64
		Release|x86 = Release|x86
	EndGlobalSection
	GlobalSection(ProjectConfigurationPlatforms) = postSolution
		{B271B7FE-CD5A-4970-829A-D2220F6271B6}.Debug|Any CPU.ActiveCfg = Debug|Win32
		{B271B7FE-CD5A-4970-829A-D2220F6271B6}.Debug|Mixed Platforms.ActiveCfg = Debug|Win32
		{B271B7FE-CD5A-4970-829A-D2220F6271B6}.Debug|Mixed Platforms.Build.0 = Debug|Win32
		{B271B7FE-CD5A-4970-829A-D2220F6271B6}.Debug|Win32.ActiveCfg = Debug|Win32
		{B271B7FE-CD5A-4970-829A-D2220F6271B6}.Debug|Win32.Build.0 = Debug|Win32
		{B271B7FE-CD5A-4970-829A-D2220F6271B6}.Debug|x64.ActiveCfg = Debug|Win32
		{B271B7FE-CD5A-4970-829A-D2220F6271B6}.Debug|x86.ActiveCfg = Debug|Win32
		{B271B7FE-CD5A-4970-829A-D2220F6271B6}.Release|Any CPU.ActiveCfg = Release|Win32
		{B271B7FE-CD5A-4970-829A-D2220F6271B6}.Release|Mixed Platforms.ActiveCfg = Release|Win32
		{B271B7FE-CD5A-4970-829A-D2220F6271B6}.Release|Mixed Platforms.Build.0 = Release|Win32
		{B271B7FE-CD5A-4970-829A-D2220F6271B6}.Release|Win32.ActiveCfg = Release|Win32
		{B271B7FE-CD5A-4970-829A-D2220F6271B6}.Release|Win32.Build.0 = Release|Win32
		{B271B7FE-CD5A-4970-829A-D2220F6271B6}.Release|x64.ActiveCfg = Release|x64
		{B271B7FE-CD5A-4970-829A-D2220F6271B6}.Release|x64.Build.0 = Release|x64
		{B271B7FE-CD5A-4970-829A-D2220F6271B6}.Release|x86.ActiveCfg = Release|Win32
		{67A428E5-5537-4D50-8F0A-DCEE01B4BAB5}.Debug|Any CPU.ActiveCfg = Debug|Win32
		{67A428E5-5537-4D50-8F0A-DCEE01B4BAB5}.Debug|Mixed Platforms.ActiveCfg = Debug|Win32
		{67A428E5-5537-4D50-8F0A-DCEE01B4BAB5}.Debug|Mixed Platforms.Build.0 = Debug|Win32
		{67A428E5-5537-4D50-8F0A-DCEE01B4BAB5}.Debug|Win32.ActiveCfg = Debug|Win32
		{67A428E5-5537-4D50-8F0A-DCEE01B4BAB5}.Debug|Win32.Build.0 = Debug|Win32
		{67A428E5-5537-4D50-8F0A-DCEE01B4BAB5}.Debug|x64.ActiveCfg = Debug|Win32
		{67A428E5-5537-4D50-8F0A-DCEE01B4BAB5}.Debug|x86.ActiveCfg = Debug|Win32
		{67A428E5-5537-4D50-8F0A-DCEE01B4BAB5}.Release|Any CPU.ActiveCfg = Release|Win32
		{67A428E5-5537-4D50-8F0A-DCEE01B4BAB5}.Release|Mixed Platforms.ActiveCfg = Release|Win32
		{67A428E5-5537-4D50-8F0A-DCEE01B4BAB5}.Release|Mixed Platforms.Build.0 = Release|Win32
		{67A428E5-5537-4D50-8F0A-DCEE01B4BAB5}.Release|Win32.ActiveCfg = Release|Win32
		{67A428E5-5537-4D50-8F0A-DCEE01B4BAB5}.Release|Win32.Build.0 = Release|Win32
		{67A428E5-5537-4D50-8F0A-DCEE01B4BAB5}.Release|x64.ActiveCfg = Release|x64
		{67A428E5-5537-4D50-8F0A-DCEE01B4BAB5}.Release|x64.Build.0 = Release|x64
		{67A428E5-5537-4D50-8F0A-DCEE01B4BAB5}.Release|x86.ActiveCfg = Release|Win32
		{86FC5ADF-CFB0-405E-B542-ED43E551435F}.Debug|Any CPU.ActiveCfg = Debug|Win32
		{86FC5ADF-CFB0-405E-B542-ED43E551435F}.Debug|Mixed Platforms.ActiveCfg = Debug|Win32
		{86FC5ADF-CFB0-405E-B542-ED43E551435F}.Debug|Mixed Platforms.Build.0 = Debug|Win32
		{86FC5ADF-CFB0-405E-B542-ED43E551435F}.Debug|Win32.ActiveCfg = Debug|Win32
		{86FC5ADF-CFB0-405E-B542-ED43E551435F}.Debug|Win32.Build.0 = Debug|Win32
		{86FC5ADF-CFB0-405E-B542-ED43E551435F}.Debug|x64.ActiveCfg = Debug|Win32
		{86FC5ADF-CFB0-405E-B542-ED43E551435F}.Debug|x86.ActiveCfg = Debug|Win32
		{86FC5ADF-CFB0-405E-B542-ED43E551435F}.Release|Any CPU.ActiveCfg = Release|Win32
		{86FC5ADF-CFB0-405E-B542-ED43E551435F}.Release|Mixed Platforms.ActiveCfg = Release|Win32
		{86FC5ADF-CFB0-405E-B542-ED43E551435F}.Release|Mixed Platforms.Build.0 = Release|Win32
		{86FC5ADF-CFB0-405E-B542-ED43E551435F}.Release|Win32.ActiveCfg = Release|Win32
		{86FC5ADF-CFB0-405E-B542-ED43E551435F}.Release|Win32.Build.0 = Release|Win32
		{86FC5ADF-CFB0-405E-B542-ED43E551435F}.Release|x64.ActiveCfg = Release|x64
		{86FC5ADF-CFB0-405E-B542-ED43E551435F}.Release|x64.Build.0 = Release|x64
		{86FC5ADF-CFB0-405E-B542-ED43E551435F}.Release|x86.ActiveCfg = Release|Win32
		{7B2551ED-4F29-45D9-A33C-687FFEDB7317}.Debug|Any CPU.ActiveCfg = Debug|Win32
		{7B2551ED-4F29-45D9-A33C-687FFEDB7317}.Debug|Mixed Platforms.ActiveCfg = Debug|Win32
		{7B2551ED-4F29-45D9-A33C-687FFEDB7317}.Debug|Mixed Platforms.Build.0 = Debug|Win32
		{7B2551ED-4F29-45D9-A33C-687FFEDB7317}.Debug|Win32.ActiveCfg = Debug|Win32
		{7B2551ED-4F29-45D9-A33C-687FFEDB7317}.Debug|Win32.Build.0 = Debug|Win32
		{7B2551ED-4F29-45D9-A33C-687FFEDB7317}.Debug|x64.ActiveCfg = Debug|Win32
		{7B2551ED-4F29-45D9-A33C-687FFEDB7317}.Debug|x86.ActiveCfg = Debug|Win32
		{7B2551ED-4F29-45D9-A33C-687FFEDB7317}.Release|Any CPU.ActiveCfg = Release|Win32
		{7B2551ED-4F29-45D9-A33C-687FFEDB7317}.Release|Mixed Platforms.ActiveCfg = Release|Win32
		{7B2551ED-4F29-45D9-A33C-687FFEDB7317}.Release|Mixed Platforms.Build.0 = Release|Win32
		{7B2551ED-4F29-45D9-A33C-687FFEDB7317}.Release|Win32.ActiveCfg = Release|Win32
		{7B2551ED-4F29-45D9-A33C-687FFEDB7317}.Release|Win32.Build.0 = Release|Win32
		{7B2551ED-4F29-45D9-A33C-687FFEDB7317}.Release|x64.ActiveCfg = Release|x64
		{7B2551ED-4F29-45D9-A33C-687FFEDB7317}.Release|x64.Build.0 = Release|x64
		{7B2551ED-4F29-45D9-A33C-687FFEDB7317}.Release|x86.ActiveCfg = Release|Win32
		{7C9C9C96-3482-48DE-BDE0-C42BEDD46CB3}.Debug|Any CPU.ActiveCfg = Debug|Win32
		{7C9C9C96-3482-48DE-BDE0-C42BEDD46CB3}.Debug|Mixed Platforms.ActiveCfg = Debug|Win32
		{7C9C9C96-3482-48DE-BDE0-C42BEDD46CB3}.Debug|Mixed Platforms.Build.0 = Debug|Win32
		{7C9C9C96-3482-48DE-BDE0-C42BEDD46CB3}.Debug|Win32.ActiveCfg = Debug|Win32
		{7C9C9C96-3482-48DE-BDE0-C42BEDD46CB3}.Debug|Win32.Build.0 = Debug|Win32
		{7C9C9C96-3482-48DE-BDE0-C42BEDD46CB3}.Debug|x64.ActiveCfg = Debug|Win32
		{7C9C9C96-3482-48DE-BDE0-C42BEDD46CB3}.Debug|x86.ActiveCfg = Debug|Win32
		{7C9C9C96-3482-48DE-BDE0-C42BEDD46CB3}.Release|Any CPU.ActiveCfg = Release|Win32
		{7C9C9C96-3482-48DE-BDE0-C42BEDD46CB3}.Release|Mixed Platforms.ActiveCfg = Release|Win32
		{7C9C9C96-3482-48DE-BDE0-C42BEDD46CB3}.Release|Mixed Platforms.Build.0 = Release|Win32
		{7C9C9C96-3482-48DE-BDE0-C42BEDD46CB3}.Release|Win32.ActiveCfg = Release|Win32
		{7C9C9C96-3482-48DE-BDE0-C42BEDD46CB3}.Release|Win32.Build.0 = Release|Win32
		{7C9C9C96-3482-48DE-BDE0-C42BEDD46CB3}.Release|x64.ActiveCfg = Release|x64
		{7C9C9C96-3482-48DE-BDE0-C42BEDD46CB3}.Release|x64.Build.0 = Release|x64
		{7C9C9C96-3482-48DE-BDE0-C42BEDD46CB3}.Release|x86.ActiveCfg = Release|Win32
		{5988C4B5-CF83-4698-820B-059C8333D711}.Debug|Any CPU.ActiveCfg = Debug|Win32
		{5988C4B5-CF83-4698-820B-059C8333D711}.Debug|Mixed Platforms.ActiveCfg = Debug|Win32
		{5988C4B5-CF83-4698-820B-059C8333D711}.Debug|Mixed Platforms.Build.0 = Debug|Win32
		{5988C4B5-CF83-4698-820B-059C8333D711}.Debug|Win32.ActiveCfg = Debug|Win32
		{5988C4B5-CF83-4698-820B-059C8333D711}.Debug|Win32.Build.0 = Debug|Win32
		{5988C4B5-CF83-4698-820B-059C8333D711}.Debug|x64.ActiveCfg = Debug|Win32
		{5988C4B5-CF83-4698-820B-059C8333D711}.Debug|x86.ActiveCfg = Debug|Win32
		{5988C4B5-CF83-4698-820B-059C8333D711}.Release|Any CPU.ActiveCfg = Release|Win32
		{5988C4B5-CF83-4698-820B-059C8333D711}.Release|Mixed Platforms.ActiveCfg = Release|Win32
		{5988C4B5-CF83-4698-820B-059C8333D711}.Release|Mixed Platforms.Build.0 = Release|Win32
		{5988C4B5-CF83-4698-820B-059C8333D711}.Release|Win32.ActiveCfg = Release|Win32
		{5988C4B5-CF83-4698-820B-059C8333D711}.Release|Win32.Build.0 = Release|Win32
		{5988C4B5-CF83-4698-820B-059C8333D711}.Release|x64.ActiveCfg = Release|x64
		{5988C4B5-CF83-4698-820B-059C8333D711}.Release|x64.Build.0 = Release|x64
		{5988C4B5-CF83-4698-820B-059C8333D711}.Release|x86.ActiveCfg = Release|Win32
		{51E32D2B-B7F3-4F55-8F1A-1AF933BC17F1}.Debug|Any CPU.ActiveCfg = Debug|Win32
		{51E32D2B-B7F3-4F55-8F1A-1AF933BC17F1}.Debug|Mixed Platforms.ActiveCfg = Debug|Win32
		{51E32D2B-B7F3-4F55-8F1A-1AF933BC17F1}.Debug|Mixed Platforms.Build.0 = Debug|Win32
		{51E32D2B-B7F3-4F55-8F1A-1AF933BC17F1}.Debug|Win32.ActiveCfg = Debug|Win32
		{51E32D2B-B7F3-4F55-8F1A-1AF933BC17F1}.Debug|Win32.Build.0 = Debug|Win32
		{51E32D2B-B7F3-4F55-8F1A-1AF933BC17F1}.Debug|x64.ActiveCfg = Debug|Win32
		{51E32D2B-B7F3-4F55-8F1A-1AF933BC17F1}.Debug|x86.ActiveCfg = Debug|Win32
		{51E32D2B-B7F3-4F55-8F1A-1AF933BC17F1}.Release|Any CPU.ActiveCfg = Release|Win32
		{51E32D2B-B7F3-4F55-8F1A-1AF933BC17F1}.Release|Mixed Platforms.ActiveCfg = Release|Win32
		{51E32D2B-B7F3-4F55-8F1A-1AF933BC17F1}.Release|Mixed Platforms.Build.0 = Release|Win32
		{51E32D2B-B7F3-4F55-8F1A-1AF933BC17F1}.Release|Win32.ActiveCfg = Release|Win32
		{51E32D2B-B7F3-4F55-8F1A-1AF933BC17F1}.Release|Win32.Build.0 = Release|Win32
		{51E32D2B-B7F3-4F55-8F1A-1AF933BC17F1}.Release|x64.ActiveCfg = Release|x64
		{51E32D2B-B7F3-4F55-8F1A-1AF933BC17F1}.Release|x64.Build.0 = Release|x64
		{51E32D2B-B7F3-4F55-8F1A-1AF933BC17F1}.Release|x86.ActiveCfg = Release|Win32
		{EDAA3D5D-116C-4EA2-AD91-827A69A2B574}.Debug|Any CPU.ActiveCfg = Debug|Win32
		{EDAA3D5D-116C-4EA2-AD91-827A69A2B574}.Debug|Mixed Platforms.ActiveCfg = Debug|Win32
		{EDAA3D5D-116C-4EA2-AD91-827A69A2B574}.Debug|Mixed Platforms.Build.0 = Debug|Win32
		{EDAA3D5D-116C-4EA2-AD91-827A69A2B574}.Debug|Win32.ActiveCfg = Debug|Win32
		{EDAA3D5D-116C-4EA2-AD91-827A69A2B574}.Debug|Win32.Build.0 = Debug|Win32
		{EDAA3D5D-116C-4EA2-AD91-827A69A2B574}.Debug|x64.ActiveCfg = Debug|Win32
		{EDAA3D5D-116C-4EA2-AD91-827A69A2B574}.Debug|x86.ActiveCfg = Debug|Win32
		{EDAA3D5D-116C-4EA2-AD91-827A69A2B574}.Release|Any CPU.ActiveCfg = Release|Win32
		{EDAA3D5D-116C-4EA2-AD91-827A69A2B574}.Release|Mixed Platforms.ActiveCfg = Release|Win32
		{EDAA3D5D-116C-4EA2-AD91-827A69A2B574}.Release|Mixed Platforms.Build.0 = Release|Win32
		{EDAA3D5D-116C-4EA2-AD91-827A69A2B574}.Release|Win32.ActiveCfg = Release|Win32
		{EDAA3D5D-116C-4EA2-AD91-827A69A2B574}.Release|Win32.Build.0 = Release|Win32
		{EDAA3D5D-116C-4EA2-AD91-827A69A2B574}.Release|x64.ActiveCfg = Release|Win32
		{EDAA3D5D-116C-4EA2-AD91-827A69A2B574}.Release|x86.ActiveCfg = Release|Win32
		{73BBB960-F7F6-46D9-990D-2A9CAFF1858D}.Debug|Any CPU.ActiveCfg = Debug|x86
		{73BBB960-F7F6-46D9-990D-2A9CAFF1858D}.Debug|Mixed Platforms.ActiveCfg = Debug|x86
		{73BBB960-F7F6-46D9-990D-2A9CAFF1858D}.Debug|Mixed Platforms.Build.0 = Debug|x86
		{73BBB960-F7F6-46D9-990D-2A9CAFF1858D}.Debug|Win32.ActiveCfg = Debug|x86
		{73BBB960-F7F6-46D9-990D-2A9CAFF1858D}.Debug|x64.ActiveCfg = Debug|x86
		{73BBB960-F7F6-46D9-990D-2A9CAFF1858D}.Debug|x86.ActiveCfg = Debug|x86
		{73BBB960-F7F6-46D9-990D-2A9CAFF1858D}.Debug|x86.Build.0 = Debug|x86
		{73BBB960-F7F6-46D9-990D-2A9CAFF1858D}.Release|Any CPU.ActiveCfg = Release|x86
		{73BBB960-F7F6-46D9-990D-2A9CAFF1858D}.Release|Mixed Platforms.ActiveCfg = Release|x86
		{73BBB960-F7F6-46D9-990D-2A9CAFF1858D}.Release|Mixed Platforms.Build.0 = Release|x86
		{73BBB960-F7F6-46D9-990D-2A9CAFF1858D}.Release|Win32.ActiveCfg = Release|x86
		{73BBB960-F7F6-46D9-990D-2A9CAFF1858D}.Release|x64.ActiveCfg = Release|x86
		{73BBB960-F7F6-46D9-990D-2A9CAFF1858D}.Release|x86.ActiveCfg = Release|x86
		{73BBB960-F7F6-46D9-990D-2A9CAFF1858D}.Release|x86.Build.0 = Release|x86
		{C58502B4-4032-45AE-B759-4FA5D3526CAD}.Debug|Any CPU.ActiveCfg = Debug|Any CPU
		{C58502B4-4032-45AE-B759-4FA5D3526CAD}.Debug|Any CPU.Build.0 = Debug|Any CPU
		{C58502B4-4032-45AE-B759-4FA5D3526CAD}.Debug|Mixed Platforms.ActiveCfg = Debug|Any CPU
		{C58502B4-4032-45AE-B759-4FA5D3526CAD}.Debug|Mixed Platforms.Build.0 = Debug|Any CPU
		{C58502B4-4032-45AE-B759-4FA5D3526CAD}.Debug|Win32.ActiveCfg = Debug|Any CPU
		{C58502B4-4032-45AE-B759-4FA5D3526CAD}.Debug|x64.ActiveCfg = Debug|Any CPU
		{C58502B4-4032-45AE-B759-4FA5D3526CAD}.Debug|x86.ActiveCfg = Debug|Any CPU
		{C58502B4-4032-45AE-B759-4FA5D3526CAD}.Release|Any CPU.ActiveCfg = Release|Any CPU
		{C58502B4-4032-45AE-B759-4FA5D3526CAD}.Release|Any CPU.Build.0 = Release|Any CPU
		{C58502B4-4032-45AE-B759-4FA5D3526CAD}.Release|Mixed Platforms.ActiveCfg = Release|Any CPU
		{C58502B4-4032-45AE-B759-4FA5D3526CAD}.Release|Mixed Platforms.Build.0 = Release|Any CPU
		{C58502B4-4032-45AE-B759-4FA5D3526CAD}.Release|Win32.ActiveCfg = Release|Any CPU
		{C58502B4-4032-45AE-B759-4FA5D3526CAD}.Release|x64.ActiveCfg = Release|Any CPU
		{C58502B4-4032-45AE-B759-4FA5D3526CAD}.Release|x86.ActiveCfg = Release|Any CPU
		{6A213FA0-3235-42B8-B6ED-BF2A9AE75B05}.Debug|Any CPU.ActiveCfg = Debug|Any CPU
		{6A213FA0-3235-42B8-B6ED-BF2A9AE75B05}.Debug|Any CPU.Build.0 = Debug|Any CPU
		{6A213FA0-3235-42B8-B6ED-BF2A9AE75B05}.Debug|Mixed Platforms.ActiveCfg = Debug|Any CPU
		{6A213FA0-3235-42B8-B6ED-BF2A9AE75B05}.Debug|Mixed Platforms.Build.0 = Debug|Any CPU
		{6A213FA0-3235-42B8-B6ED-BF2A9AE75B05}.Debug|Win32.ActiveCfg = Debug|Any CPU
		{6A213FA0-3235-42B8-B6ED-BF2A9AE75B05}.Debug|x64.ActiveCfg = Debug|Any CPU
		{6A213FA0-3235-42B8-B6ED-BF2A9AE75B05}.Debug|x86.ActiveCfg = Debug|Any CPU
		{6A213FA0-3235-42B8-B6ED-BF2A9AE75B05}.Release|Any CPU.ActiveCfg = Release|Any CPU
		{6A213FA0-3235-42B8-B6ED-BF2A9AE75B05}.Release|Any CPU.Build.0 = Release|Any CPU
		{6A213FA0-3235-42B8-B6ED-BF2A9AE75B05}.Release|Mixed Platforms.ActiveCfg = Release|Any CPU
		{6A213FA0-3235-42B8-B6ED-BF2A9AE75B05}.Release|Mixed Platforms.Build.0 = Release|Any CPU
		{6A213FA0-3235-42B8-B6ED-BF2A9AE75B05}.Release|Win32.ActiveCfg = Release|Any CPU
		{6A213FA0-3235-42B8-B6ED-BF2A9AE75B05}.Release|x64.ActiveCfg = Release|Any CPU
		{6A213FA0-3235-42B8-B6ED-BF2A9AE75B05}.Release|x86.ActiveCfg = Release|Any CPU
		{8B9C2D7A-2984-48DA-993F-E9018279E4F4}.Debug|Any CPU.ActiveCfg = Debug|Any CPU
		{8B9C2D7A-2984-48DA-993F-E9018279E4F4}.Debug|Any CPU.Build.0 = Debug|Any CPU
		{8B9C2D7A-2984-48DA-993F-E9018279E4F4}.Debug|Mixed Platforms.ActiveCfg = Debug|Any CPU
		{8B9C2D7A-2984-48DA-993F-E9018279E4F4}.Debug|Mixed Platforms.Build.0 = Debug|Any CPU
		{8B9C2D7A-2984-48DA-993F-E9018279E4F4}.Debug|Win32.ActiveCfg = Debug|Any CPU
		{8B9C2D7A-2984-48DA-993F-E9018279E4F4}.Debug|x64.ActiveCfg = Debug|Any CPU
		{8B9C2D7A-2984-48DA-993F-E9018279E4F4}.Debug|x86.ActiveCfg = Debug|Any CPU
		{8B9C2D7A-2984-48DA-993F-E9018279E4F4}.Release|Any CPU.ActiveCfg = Release|Any CPU
		{8B9C2D7A-2984-48DA-993F-E9018279E4F4}.Release|Any CPU.Build.0 = Release|Any CPU
		{8B9C2D7A-2984-48DA-993F-E9018279E4F4}.Release|Mixed Platforms.ActiveCfg = Release|Any CPU
		{8B9C2D7A-2984-48DA-993F-E9018279E4F4}.Release|Mixed Platforms.Build.0 = Release|Any CPU
		{8B9C2D7A-2984-48DA-993F-E9018279E4F4}.Release|Win32.ActiveCfg = Release|Any CPU
		{8B9C2D7A-2984-48DA-993F-E9018279E4F4}.Release|x64.ActiveCfg = Release|Any CPU
		{8B9C2D7A-2984-48DA-993F-E9018279E4F4}.Release|x86.ActiveCfg = Release|Any CPU
		{D0DD6403-E43F-4F1C-A2BB-A4E577C4D60C}.Debug|Any CPU.ActiveCfg = Debug|Any CPU
		{D0DD6403-E43F-4F1C-A2BB-A4E577C4D60C}.Debug|Any CPU.Build.0 = Debug|Any CPU
		{D0DD6403-E43F-4F1C-A2BB-A4E577C4D60C}.Debug|Mixed Platforms.ActiveCfg = Debug|Any CPU
		{D0DD6403-E43F-4F1C-A2BB-A4E577C4D60C}.Debug|Mixed Platforms.Build.0 = Debug|Any CPU
		{D0DD6403-E43F-4F1C-A2BB-A4E577C4D60C}.Debug|Win32.ActiveCfg = Debug|Any CPU
		{D0DD6403-E43F-4F1C-A2BB-A4E577C4D60C}.Debug|x64.ActiveCfg = Debug|Any CPU
		{D0DD6403-E43F-4F1C-A2BB-A4E577C4D60C}.Debug|x86.ActiveCfg = Debug|Any CPU
		{D0DD6403-E43F-4F1C-A2BB-A4E577C4D60C}.Release|Any CPU.ActiveCfg = Release|Any CPU
		{D0DD6403-E43F-4F1C-A2BB-A4E577C4D60C}.Release|Any CPU.Build.0 = Release|Any CPU
		{D0DD6403-E43F-4F1C-A2BB-A4E577C4D60C}.Release|Mixed Platforms.ActiveCfg = Release|Any CPU
		{D0DD6403-E43F-4F1C-A2BB-A4E577C4D60C}.Release|Mixed Platforms.Build.0 = Release|Any CPU
		{D0DD6403-E43F-4F1C-A2BB-A4E577C4D60C}.Release|Win32.ActiveCfg = Release|Any CPU
		{D0DD6403-E43F-4F1C-A2BB-A4E577C4D60C}.Release|x64.ActiveCfg = Release|Any CPU
		{D0DD6403-E43F-4F1C-A2BB-A4E577C4D60C}.Release|x86.ActiveCfg = Release|Any CPU
		{E108C75A-E06A-4F4B-9D46-16F332CBDC89}.Debug|Any CPU.ActiveCfg = Debug|Any CPU
		{E108C75A-E06A-4F4B-9D46-16F332CBDC89}.Debug|Any CPU.Build.0 = Debug|Any CPU
		{E108C75A-E06A-4F4B-9D46-16F332CBDC89}.Debug|Mixed Platforms.ActiveCfg = Debug|Any CPU
		{E108C75A-E06A-4F4B-9D46-16F332CBDC89}.Debug|Mixed Platforms.Build.0 = Debug|Any CPU
		{E108C75A-E06A-4F4B-9D46-16F332CBDC89}.Debug|Win32.ActiveCfg = Debug|Any CPU
		{E108C75A-E06A-4F4B-9D46-16F332CBDC89}.Debug|x64.ActiveCfg = Debug|Any CPU
		{E108C75A-E06A-4F4B-9D46-16F332CBDC89}.Debug|x86.ActiveCfg = Debug|Any CPU
		{E108C75A-E06A-4F4B-9D46-16F332CBDC89}.Release|Any CPU.ActiveCfg = Release|Any CPU
		{E108C75A-E06A-4F4B-9D46-16F332CBDC89}.Release|Any CPU.Build.0 = Release|Any CPU
		{E108C75A-E06A-4F4B-9D46-16F332CBDC89}.Release|Mixed Platforms.ActiveCfg = Release|Any CPU
		{E108C75A-E06A-4F4B-9D46-16F332CBDC89}.Release|Mixed Platforms.Build.0 = Release|Any CPU
		{E108C75A-E06A-4F4B-9D46-16F332CBDC89}.Release|Win32.ActiveCfg = Release|Any CPU
		{E108C75A-E06A-4F4B-9D46-16F332CBDC89}.Release|x64.ActiveCfg = Release|Any CPU
		{E108C75A-E06A-4F4B-9D46-16F332CBDC89}.Release|x86.ActiveCfg = Release|Any CPU
		{C9EEF438-F44E-4A73-B099-17127B6013D2}.Debug|Any CPU.ActiveCfg = Debug|Any CPU
		{C9EEF438-F44E-4A73-B099-17127B6013D2}.Debug|Any CPU.Build.0 = Debug|Any CPU
		{C9EEF438-F44E-4A73-B099-17127B6013D2}.Debug|Mixed Platforms.ActiveCfg = Debug|Any CPU
		{C9EEF438-F44E-4A73-B099-17127B6013D2}.Debug|Mixed Platforms.Build.0 = Debug|Any CPU
		{C9EEF438-F44E-4A73-B099-17127B6013D2}.Debug|Win32.ActiveCfg = Debug|Any CPU
		{C9EEF438-F44E-4A73-B099-17127B6013D2}.Debug|x64.ActiveCfg = Debug|Any CPU
		{C9EEF438-F44E-4A73-B099-17127B6013D2}.Debug|x86.ActiveCfg = Debug|Any CPU
		{C9EEF438-F44E-4A73-B099-17127B6013D2}.Release|Any CPU.ActiveCfg = Release|Any CPU
		{C9EEF438-F44E-4A73-B099-17127B6013D2}.Release|Any CPU.Build.0 = Release|Any CPU
		{C9EEF438-F44E-4A73-B099-17127B6013D2}.Release|Mixed Platforms.ActiveCfg = Release|Any CPU
		{C9EEF438-F44E-4A73-B099-17127B6013D2}.Release|Mixed Platforms.Build.0 = Release|Any CPU
		{C9EEF438-F44E-4A73-B099-17127B6013D2}.Release|Win32.ActiveCfg = Release|Any CPU
		{C9EEF438-F44E-4A73-B099-17127B6013D2}.Release|x64.ActiveCfg = Release|Any CPU
		{C9EEF438-F44E-4A73-B099-17127B6013D2}.Release|x86.ActiveCfg = Release|Any CPU
		{DFEA05E6-70D1-4325-B3FD-6CCE8192F61B}.Debug|Any CPU.ActiveCfg = Debug|Win32
		{DFEA05E6-70D1-4325-B3FD-6CCE8192F61B}.Debug|Mixed Platforms.ActiveCfg = Debug|Win32
		{DFEA05E6-70D1-4325-B3FD-6CCE8192F61B}.Debug|Mixed Platforms.Build.0 = Debug|Win32
		{DFEA05E6-70D1-4325-B3FD-6CCE8192F61B}.Debug|Win32.ActiveCfg = Debug|Win32
		{DFEA05E6-70D1-4325-B3FD-6CCE8192F61B}.Debug|Win32.Build.0 = Debug|Win32
		{DFEA05E6-70D1-4325-B3FD-6CCE8192F61B}.Debug|x64.ActiveCfg = Debug|Win32
		{DFEA05E6-70D1-4325-B3FD-6CCE8192F61B}.Debug|x86.ActiveCfg = Debug|Win32
		{DFEA05E6-70D1-4325-B3FD-6CCE8192F61B}.Release|Any CPU.ActiveCfg = Release|Win32
		{DFEA05E6-70D1-4325-B3FD-6CCE8192F61B}.Release|Mixed Platforms.ActiveCfg = Release|Win32
		{DFEA05E6-70D1-4325-B3FD-6CCE8192F61B}.Release|Mixed Platforms.Build.0 = Release|Win32
		{DFEA05E6-70D1-4325-B3FD-6CCE8192F61B}.Release|Win32.ActiveCfg = Release|Win32
		{DFEA05E6-70D1-4325-B3FD-6CCE8192F61B}.Release|Win32.Build.0 = Release|Win32
		{DFEA05E6-70D1-4325-B3FD-6CCE8192F61B}.Release|x64.ActiveCfg = Release|x64
		{DFEA05E6-70D1-4325-B3FD-6CCE8192F61B}.Release|x64.Build.0 = Release|x64
		{DFEA05E6-70D1-4325-B3FD-6CCE8192F61B}.Release|x86.ActiveCfg = Release|Win32
		{D90EC54A-D369-4EEF-BA3F-E30BD539E559}.Debug|Any CPU.ActiveCfg = Debug|Win32
		{D90EC54A-D369-4EEF-BA3F-E30BD539E559}.Debug|Mixed Platforms.ActiveCfg = Debug|Win32
		{D90EC54A-D369-4EEF-BA3F-E30BD539E559}.Debug|Mixed Platforms.Build.0 = Debug|Win32
		{D90EC54A-D369-4EEF-BA3F-E30BD539E559}.Debug|Win32.ActiveCfg = Debug|Win32
		{D90EC54A-D369-4EEF-BA3F-E30BD539E559}.Debug|Win32.Build.0 = Debug|Win32
		{D90EC54A-D369-4EEF-BA3F-E30BD539E559}.Debug|x64.ActiveCfg = Debug|Win32
		{D90EC54A-D369-4EEF-BA3F-E30BD539E559}.Debug|x86.ActiveCfg = Debug|Win32
		{D90EC54A-D369-4EEF-BA3F-E30BD539E559}.Release|Any CPU.ActiveCfg = Release|Win32
		{D90EC54A-D369-4EEF-BA3F-E30BD539E559}.Release|Mixed Platforms.ActiveCfg = Release|Win32
		{D90EC54A-D369-4EEF-BA3F-E30BD539E559}.Release|Mixed Platforms.Build.0 = Release|Win32
		{D90EC54A-D369-4EEF-BA3F-E30BD539E559}.Release|Win32.ActiveCfg = Release|Win32
		{D90EC54A-D369-4EEF-BA3F-E30BD539E559}.Release|Win32.Build.0 = Release|Win32
		{D90EC54A-D369-4EEF-BA3F-E30BD539E559}.Release|x64.ActiveCfg = Release|x64
		{D90EC54A-D369-4EEF-BA3F-E30BD539E559}.Release|x64.Build.0 = Release|x64
		{D90EC54A-D369-4EEF-BA3F-E30BD539E559}.Release|x86.ActiveCfg = Release|Win32
		{06E4F7D0-9775-48A0-9512-5564CD7F9BB0}.Debug|Any CPU.ActiveCfg = Debug|Any CPU
		{06E4F7D0-9775-48A0-9512-5564CD7F9BB0}.Debug|Any CPU.Build.0 = Debug|Any CPU
		{06E4F7D0-9775-48A0-9512-5564CD7F9BB0}.Debug|Mixed Platforms.ActiveCfg = Debug|Any CPU
		{06E4F7D0-9775-48A0-9512-5564CD7F9BB0}.Debug|Mixed Platforms.Build.0 = Debug|Any CPU
		{06E4F7D0-9775-48A0-9512-5564CD7F9BB0}.Debug|Win32.ActiveCfg = Debug|Any CPU
		{06E4F7D0-9775-48A0-9512-5564CD7F9BB0}.Debug|x64.ActiveCfg = Debug|Any CPU
		{06E4F7D0-9775-48A0-9512-5564CD7F9BB0}.Debug|x86.ActiveCfg = Debug|Any CPU
		{06E4F7D0-9775-48A0-9512-5564CD7F9BB0}.Release|Any CPU.ActiveCfg = Release|Any CPU
		{06E4F7D0-9775-48A0-9512-5564CD7F9BB0}.Release|Any CPU.Build.0 = Release|Any CPU
		{06E4F7D0-9775-48A0-9512-5564CD7F9BB0}.Release|Mixed Platforms.ActiveCfg = Release|Any CPU
		{06E4F7D0-9775-48A0-9512-5564CD7F9BB0}.Release|Mixed Platforms.Build.0 = Release|Any CPU
		{06E4F7D0-9775-48A0-9512-5564CD7F9BB0}.Release|Win32.ActiveCfg = Release|Any CPU
		{06E4F7D0-9775-48A0-9512-5564CD7F9BB0}.Release|x64.ActiveCfg = Release|Any CPU
		{06E4F7D0-9775-48A0-9512-5564CD7F9BB0}.Release|x86.ActiveCfg = Release|Any CPU
		{2CE873DF-B360-4578-ABDA-25971CFD2E7B}.Debug|Any CPU.ActiveCfg = Debug|Win32
		{2CE873DF-B360-4578-ABDA-25971CFD2E7B}.Debug|Mixed Platforms.ActiveCfg = Debug|Win32
		{2CE873DF-B360-4578-ABDA-25971CFD2E7B}.Debug|Mixed Platforms.Build.0 = Debug|Win32
		{2CE873DF-B360-4578-ABDA-25971CFD2E7B}.Debug|Win32.ActiveCfg = Debug|Win32
		{2CE873DF-B360-4578-ABDA-25971CFD2E7B}.Debug|Win32.Build.0 = Debug|Win32
		{2CE873DF-B360-4578-ABDA-25971CFD2E7B}.Debug|x64.ActiveCfg = Debug|Win32
		{2CE873DF-B360-4578-ABDA-25971CFD2E7B}.Debug|x86.ActiveCfg = Debug|Win32
		{2CE873DF-B360-4578-ABDA-25971CFD2E7B}.Release|Any CPU.ActiveCfg = Debug|Win32
		{2CE873DF-B360-4578-ABDA-25971CFD2E7B}.Release|Any CPU.Build.0 = Debug|Win32
		{2CE873DF-B360-4578-ABDA-25971CFD2E7B}.Release|Mixed Platforms.ActiveCfg = Release|Win32
		{2CE873DF-B360-4578-ABDA-25971CFD2E7B}.Release|Mixed Platforms.Build.0 = Release|Win32
		{2CE873DF-B360-4578-ABDA-25971CFD2E7B}.Release|Win32.ActiveCfg = Release|Win32
		{2CE873DF-B360-4578-ABDA-25971CFD2E7B}.Release|x64.ActiveCfg = Release|x64
		{2CE873DF-B360-4578-ABDA-25971CFD2E7B}.Release|x86.ActiveCfg = Release|Win32
		{2F7B4AB3-E016-4473-B1FA-DCA9D1A62278}.Debug|Any CPU.ActiveCfg = Debug|Win32
		{2F7B4AB3-E016-4473-B1FA-DCA9D1A62278}.Debug|Mixed Platforms.ActiveCfg = Debug|Win32
		{2F7B4AB3-E016-4473-B1FA-DCA9D1A62278}.Debug|Mixed Platforms.Build.0 = Debug|Win32
		{2F7B4AB3-E016-4473-B1FA-DCA9D1A62278}.Debug|Win32.ActiveCfg = Debug|Win32
		{2F7B4AB3-E016-4473-B1FA-DCA9D1A62278}.Debug|Win32.Build.0 = Debug|Win32
		{2F7B4AB3-E016-4473-B1FA-DCA9D1A62278}.Debug|x64.ActiveCfg = Debug|Win32
		{2F7B4AB3-E016-4473-B1FA-DCA9D1A62278}.Debug|x86.ActiveCfg = Debug|Win32
		{2F7B4AB3-E016-4473-B1FA-DCA9D1A62278}.Release|Any CPU.ActiveCfg = Release|Win32
		{2F7B4AB3-E016-4473-B1FA-DCA9D1A62278}.Release|Mixed Platforms.ActiveCfg = Release|Win32
		{2F7B4AB3-E016-4473-B1FA-DCA9D1A62278}.Release|Mixed Platforms.Build.0 = Release|Win32
		{2F7B4AB3-E016-4473-B1FA-DCA9D1A62278}.Release|Win32.ActiveCfg = Release|Win32
		{2F7B4AB3-E016-4473-B1FA-DCA9D1A62278}.Release|Win32.Build.0 = Release|Win32
		{2F7B4AB3-E016-4473-B1FA-DCA9D1A62278}.Release|x64.ActiveCfg = Release|x64
		{2F7B4AB3-E016-4473-B1FA-DCA9D1A62278}.Release|x64.Build.0 = Release|x64
		{2F7B4AB3-E016-4473-B1FA-DCA9D1A62278}.Release|x86.ActiveCfg = Release|Win32
		{AB3109F1-4EE1-4572-B000-D73A0A87216B}.Debug|Any CPU.ActiveCfg = Debug|x86
		{AB3109F1-4EE1-4572-B000-D73A0A87216B}.Debug|Mixed Platforms.ActiveCfg = Debug|x86
		{AB3109F1-4EE1-4572-B000-D73A0A87216B}.Debug|Mixed Platforms.Build.0 = Debug|x86
		{AB3109F1-4EE1-4572-B000-D73A0A87216B}.Debug|Win32.ActiveCfg = Debug|x86
		{AB3109F1-4EE1-4572-B000-D73A0A87216B}.Debug|x64.ActiveCfg = Debug|x86
		{AB3109F1-4EE1-4572-B000-D73A0A87216B}.Debug|x86.ActiveCfg = Debug|x86
		{AB3109F1-4EE1-4572-B000-D73A0A87216B}.Debug|x86.Build.0 = Debug|x86
		{AB3109F1-4EE1-4572-B000-D73A0A87216B}.Release|Any CPU.ActiveCfg = Release|x86
		{AB3109F1-4EE1-4572-B000-D73A0A87216B}.Release|Mixed Platforms.ActiveCfg = Release|x86
		{AB3109F1-4EE1-4572-B000-D73A0A87216B}.Release|Mixed Platforms.Build.0 = Release|x86
		{AB3109F1-4EE1-4572-B000-D73A0A87216B}.Release|Win32.ActiveCfg = Release|x86
		{AB3109F1-4EE1-4572-B000-D73A0A87216B}.Release|x64.ActiveCfg = Release|x64
		{AB3109F1-4EE1-4572-B000-D73A0A87216B}.Release|x64.Build.0 = Release|x64
		{AB3109F1-4EE1-4572-B000-D73A0A87216B}.Release|x86.ActiveCfg = Release|x86
		{AB3109F1-4EE1-4572-B000-D73A0A87216B}.Release|x86.Build.0 = Release|x86
		{5E83B55B-2C64-4BBE-8078-4567196CFA67}.Debug|Any CPU.ActiveCfg = Debug|x86
		{5E83B55B-2C64-4BBE-8078-4567196CFA67}.Debug|Mixed Platforms.ActiveCfg = Debug|x86
		{5E83B55B-2C64-4BBE-8078-4567196CFA67}.Debug|Mixed Platforms.Build.0 = Debug|x86
		{5E83B55B-2C64-4BBE-8078-4567196CFA67}.Debug|Win32.ActiveCfg = Debug|x86
		{5E83B55B-2C64-4BBE-8078-4567196CFA67}.Debug|x64.ActiveCfg = Debug|x86
		{5E83B55B-2C64-4BBE-8078-4567196CFA67}.Debug|x86.ActiveCfg = Debug|x86
		{5E83B55B-2C64-4BBE-8078-4567196CFA67}.Debug|x86.Build.0 = Debug|x86
		{5E83B55B-2C64-4BBE-8078-4567196CFA67}.Release|Any CPU.ActiveCfg = Release|x86
		{5E83B55B-2C64-4BBE-8078-4567196CFA67}.Release|Mixed Platforms.ActiveCfg = Release|x86
		{5E83B55B-2C64-4BBE-8078-4567196CFA67}.Release|Mixed Platforms.Build.0 = Release|x86
		{5E83B55B-2C64-4BBE-8078-4567196CFA67}.Release|Win32.ActiveCfg = Release|x86
		{5E83B55B-2C64-4BBE-8078-4567196CFA67}.Release|x64.ActiveCfg = Release|x86
		{5E83B55B-2C64-4BBE-8078-4567196CFA67}.Release|x86.ActiveCfg = Release|x86
		{5E83B55B-2C64-4BBE-8078-4567196CFA67}.Release|x86.Build.0 = Release|x86
		{00886641-6E83-48E8-B624-BDE8A5CDF515}.Debug|Any CPU.ActiveCfg = Debug|Win32
		{00886641-6E83-48E8-B624-BDE8A5CDF515}.Debug|Mixed Platforms.ActiveCfg = Debug|Win32
		{00886641-6E83-48E8-B624-BDE8A5CDF515}.Debug|Mixed Platforms.Build.0 = Debug|Win32
		{00886641-6E83-48E8-B624-BDE8A5CDF515}.Debug|Win32.ActiveCfg = Debug|Win32
		{00886641-6E83-48E8-B624-BDE8A5CDF515}.Debug|Win32.Build.0 = Debug|Win32
		{00886641-6E83-48E8-B624-BDE8A5CDF515}.Debug|x64.ActiveCfg = Debug|Win32
		{00886641-6E83-48E8-B624-BDE8A5CDF515}.Debug|x86.ActiveCfg = Debug|Win32
		{00886641-6E83-48E8-B624-BDE8A5CDF515}.Release|Any CPU.ActiveCfg = Release|Win32
		{00886641-6E83-48E8-B624-BDE8A5CDF515}.Release|Mixed Platforms.ActiveCfg = Release|Win32
		{00886641-6E83-48E8-B624-BDE8A5CDF515}.Release|Mixed Platforms.Build.0 = Release|Win32
		{00886641-6E83-48E8-B624-BDE8A5CDF515}.Release|Win32.ActiveCfg = Release|Win32
		{00886641-6E83-48E8-B624-BDE8A5CDF515}.Release|Win32.Build.0 = Release|Win32
		{00886641-6E83-48E8-B624-BDE8A5CDF515}.Release|x64.ActiveCfg = Release|x64
		{00886641-6E83-48E8-B624-BDE8A5CDF515}.Release|x64.Build.0 = Release|x64
		{00886641-6E83-48E8-B624-BDE8A5CDF515}.Release|x86.ActiveCfg = Release|Win32
		{459F540F-1AFE-4A43-A289-CD3BE72ACCDF}.Debug|Any CPU.ActiveCfg = Debug|Any CPU
		{459F540F-1AFE-4A43-A289-CD3BE72ACCDF}.Debug|Any CPU.Build.0 = Debug|Any CPU
		{459F540F-1AFE-4A43-A289-CD3BE72ACCDF}.Debug|Mixed Platforms.ActiveCfg = Debug|Any CPU
		{459F540F-1AFE-4A43-A289-CD3BE72ACCDF}.Debug|Mixed Platforms.Build.0 = Debug|Any CPU
		{459F540F-1AFE-4A43-A289-CD3BE72ACCDF}.Debug|Win32.ActiveCfg = Debug|Any CPU
		{459F540F-1AFE-4A43-A289-CD3BE72ACCDF}.Debug|x64.ActiveCfg = Debug|Any CPU
		{459F540F-1AFE-4A43-A289-CD3BE72ACCDF}.Debug|x86.ActiveCfg = Debug|Any CPU
		{459F540F-1AFE-4A43-A289-CD3BE72ACCDF}.Release|Any CPU.ActiveCfg = Release|Any CPU
		{459F540F-1AFE-4A43-A289-CD3BE72ACCDF}.Release|Any CPU.Build.0 = Release|Any CPU
		{459F540F-1AFE-4A43-A289-CD3BE72ACCDF}.Release|Mixed Platforms.ActiveCfg = Release|Any CPU
		{459F540F-1AFE-4A43-A289-CD3BE72ACCDF}.Release|Mixed Platforms.Build.0 = Release|Any CPU
		{459F540F-1AFE-4A43-A289-CD3BE72ACCDF}.Release|Win32.ActiveCfg = Release|Any CPU
		{459F540F-1AFE-4A43-A289-CD3BE72ACCDF}.Release|x64.ActiveCfg = Release|Any CPU
		{459F540F-1AFE-4A43-A289-CD3BE72ACCDF}.Release|x86.ActiveCfg = Release|Any CPU
		{69D87D42-D090-45F6-813C-FC055280EE57}.Debug|Any CPU.ActiveCfg = Debug|Win32
		{69D87D42-D090-45F6-813C-FC055280EE57}.Debug|Mixed Platforms.ActiveCfg = Debug|Win32
		{69D87D42-D090-45F6-813C-FC055280EE57}.Debug|Mixed Platforms.Build.0 = Debug|Win32
		{69D87D42-D090-45F6-813C-FC055280EE57}.Debug|Win32.ActiveCfg = Debug|Win32
		{69D87D42-D090-45F6-813C-FC055280EE57}.Debug|Win32.Build.0 = Debug|Win32
		{69D87D42-D090-45F6-813C-FC055280EE57}.Debug|x64.ActiveCfg = Debug|Win32
		{69D87D42-D090-45F6-813C-FC055280EE57}.Debug|x86.ActiveCfg = Debug|Win32
		{69D87D42-D090-45F6-813C-FC055280EE57}.Release|Any CPU.ActiveCfg = Release|Win32
		{69D87D42-D090-45F6-813C-FC055280EE57}.Release|Mixed Platforms.ActiveCfg = Release|Win32
		{69D87D42-D090-45F6-813C-FC055280EE57}.Release|Mixed Platforms.Build.0 = Release|Win32
		{69D87D42-D090-45F6-813C-FC055280EE57}.Release|Win32.ActiveCfg = Release|Win32
		{69D87D42-D090-45F6-813C-FC055280EE57}.Release|Win32.Build.0 = Release|Win32
		{69D87D42-D090-45F6-813C-FC055280EE57}.Release|x64.ActiveCfg = Release|x64
		{69D87D42-D090-45F6-813C-FC055280EE57}.Release|x64.Build.0 = Release|x64
		{69D87D42-D090-45F6-813C-FC055280EE57}.Release|x86.ActiveCfg = Release|Win32
		{ED253D0A-2D02-4DE7-A8DE-37BC4A93D346}.Debug|Any CPU.ActiveCfg = Debug|Any CPU
		{ED253D0A-2D02-4DE7-A8DE-37BC4A93D346}.Debug|Any CPU.Build.0 = Debug|Any CPU
		{ED253D0A-2D02-4DE7-A8DE-37BC4A93D346}.Debug|Mixed Platforms.ActiveCfg = Debug|Any CPU
		{ED253D0A-2D02-4DE7-A8DE-37BC4A93D346}.Debug|Mixed Platforms.Build.0 = Debug|Any CPU
		{ED253D0A-2D02-4DE7-A8DE-37BC4A93D346}.Debug|Win32.ActiveCfg = Debug|Any CPU
		{ED253D0A-2D02-4DE7-A8DE-37BC4A93D346}.Debug|x64.ActiveCfg = Debug|Any CPU
		{ED253D0A-2D02-4DE7-A8DE-37BC4A93D346}.Debug|x86.ActiveCfg = Debug|Any CPU
		{ED253D0A-2D02-4DE7-A8DE-37BC4A93D346}.Release|Any CPU.ActiveCfg = Release|Any CPU
		{ED253D0A-2D02-4DE7-A8DE-37BC4A93D346}.Release|Any CPU.Build.0 = Release|Any CPU
		{ED253D0A-2D02-4DE7-A8DE-37BC4A93D346}.Release|Mixed Platforms.ActiveCfg = Release|Any CPU
		{ED253D0A-2D02-4DE7-A8DE-37BC4A93D346}.Release|Mixed Platforms.Build.0 = Release|Any CPU
		{ED253D0A-2D02-4DE7-A8DE-37BC4A93D346}.Release|Win32.ActiveCfg = Release|Any CPU
		{ED253D0A-2D02-4DE7-A8DE-37BC4A93D346}.Release|x64.ActiveCfg = Release|Any CPU
		{ED253D0A-2D02-4DE7-A8DE-37BC4A93D346}.Release|x86.ActiveCfg = Release|Any CPU
		{39EC6907-874B-4E37-B205-FFB2D4C92AB0}.Debug|Any CPU.ActiveCfg = Debug|Any CPU
		{39EC6907-874B-4E37-B205-FFB2D4C92AB0}.Debug|Any CPU.Build.0 = Debug|Any CPU
		{39EC6907-874B-4E37-B205-FFB2D4C92AB0}.Debug|Mixed Platforms.ActiveCfg = Debug|Any CPU
		{39EC6907-874B-4E37-B205-FFB2D4C92AB0}.Debug|Mixed Platforms.Build.0 = Debug|Any CPU
		{39EC6907-874B-4E37-B205-FFB2D4C92AB0}.Debug|Win32.ActiveCfg = Debug|Any CPU
		{39EC6907-874B-4E37-B205-FFB2D4C92AB0}.Debug|x64.ActiveCfg = Debug|Any CPU
		{39EC6907-874B-4E37-B205-FFB2D4C92AB0}.Debug|x86.ActiveCfg = Debug|Any CPU
		{39EC6907-874B-4E37-B205-FFB2D4C92AB0}.Release|Any CPU.ActiveCfg = Release|Any CPU
		{39EC6907-874B-4E37-B205-FFB2D4C92AB0}.Release|Any CPU.Build.0 = Release|Any CPU
		{39EC6907-874B-4E37-B205-FFB2D4C92AB0}.Release|Mixed Platforms.ActiveCfg = Release|Any CPU
		{39EC6907-874B-4E37-B205-FFB2D4C92AB0}.Release|Mixed Platforms.Build.0 = Release|Any CPU
		{39EC6907-874B-4E37-B205-FFB2D4C92AB0}.Release|Win32.ActiveCfg = Release|Any CPU
		{39EC6907-874B-4E37-B205-FFB2D4C92AB0}.Release|x64.ActiveCfg = Release|Any CPU
		{39EC6907-874B-4E37-B205-FFB2D4C92AB0}.Release|x86.ActiveCfg = Release|Any CPU
		{2B71B2F0-EA7C-4549-93FE-15CE01774631}.Debug|Any CPU.ActiveCfg = Debug|Win32
		{2B71B2F0-EA7C-4549-93FE-15CE01774631}.Debug|Mixed Platforms.ActiveCfg = Debug|Win32
		{2B71B2F0-EA7C-4549-93FE-15CE01774631}.Debug|Mixed Platforms.Build.0 = Debug|Win32
		{2B71B2F0-EA7C-4549-93FE-15CE01774631}.Debug|Win32.ActiveCfg = Debug|Win32
		{2B71B2F0-EA7C-4549-93FE-15CE01774631}.Debug|Win32.Build.0 = Debug|Win32
		{2B71B2F0-EA7C-4549-93FE-15CE01774631}.Debug|x64.ActiveCfg = Debug|Win32
		{2B71B2F0-EA7C-4549-93FE-15CE01774631}.Debug|x86.ActiveCfg = Debug|Win32
		{2B71B2F0-EA7C-4549-93FE-15CE01774631}.Release|Any CPU.ActiveCfg = Release|Win32
		{2B71B2F0-EA7C-4549-93FE-15CE01774631}.Release|Mixed Platforms.ActiveCfg = Release|Win32
		{2B71B2F0-EA7C-4549-93FE-15CE01774631}.Release|Mixed Platforms.Build.0 = Release|Win32
		{2B71B2F0-EA7C-4549-93FE-15CE01774631}.Release|Win32.ActiveCfg = Release|Win32
		{2B71B2F0-EA7C-4549-93FE-15CE01774631}.Release|Win32.Build.0 = Release|Win32
		{2B71B2F0-EA7C-4549-93FE-15CE01774631}.Release|x64.ActiveCfg = Release|x64
		{2B71B2F0-EA7C-4549-93FE-15CE01774631}.Release|x64.Build.0 = Release|x64
		{2B71B2F0-EA7C-4549-93FE-15CE01774631}.Release|x86.ActiveCfg = Release|Win32
		{A92C880B-A632-4EF9-9F29-621835CDE755}.Debug|Any CPU.ActiveCfg = Debug|Win32
		{A92C880B-A632-4EF9-9F29-621835CDE755}.Debug|Mixed Platforms.ActiveCfg = Debug|Win32
		{A92C880B-A632-4EF9-9F29-621835CDE755}.Debug|Mixed Platforms.Build.0 = Debug|Win32
		{A92C880B-A632-4EF9-9F29-621835CDE755}.Debug|Win32.ActiveCfg = Debug|Win32
		{A92C880B-A632-4EF9-9F29-621835CDE755}.Debug|Win32.Build.0 = Debug|Win32
		{A92C880B-A632-4EF9-9F29-621835CDE755}.Debug|x64.ActiveCfg = Debug|Win32
		{A92C880B-A632-4EF9-9F29-621835CDE755}.Debug|x86.ActiveCfg = Debug|Win32
		{A92C880B-A632-4EF9-9F29-621835CDE755}.Release|Any CPU.ActiveCfg = Release|Win32
		{A92C880B-A632-4EF9-9F29-621835CDE755}.Release|Mixed Platforms.ActiveCfg = Release|Win32
		{A92C880B-A632-4EF9-9F29-621835CDE755}.Release|Mixed Platforms.Build.0 = Release|Win32
		{A92C880B-A632-4EF9-9F29-621835CDE755}.Release|Win32.ActiveCfg = Release|Win32
		{A92C880B-A632-4EF9-9F29-621835CDE755}.Release|Win32.Build.0 = Release|Win32
		{A92C880B-A632-4EF9-9F29-621835CDE755}.Release|x64.ActiveCfg = Release|Win32
		{A92C880B-A632-4EF9-9F29-621835CDE755}.Release|x86.ActiveCfg = Release|Win32
		{484238C7-6B0B-4EA0-A65F-8BE74D144E24}.Debug|Any CPU.ActiveCfg = Debug|Win32
		{484238C7-6B0B-4EA0-A65F-8BE74D144E24}.Debug|Mixed Platforms.ActiveCfg = Debug|Win32
		{484238C7-6B0B-4EA0-A65F-8BE74D144E24}.Debug|Mixed Platforms.Build.0 = Debug|Win32
		{484238C7-6B0B-4EA0-A65F-8BE74D144E24}.Debug|Win32.ActiveCfg = Debug|Win32
		{484238C7-6B0B-4EA0-A65F-8BE74D144E24}.Debug|Win32.Build.0 = Debug|Win32
		{484238C7-6B0B-4EA0-A65F-8BE74D144E24}.Debug|x64.ActiveCfg = Debug|Win32
		{484238C7-6B0B-4EA0-A65F-8BE74D144E24}.Debug|x86.ActiveCfg = Debug|Win32
		{484238C7-6B0B-4EA0-A65F-8BE74D144E24}.Release|Any CPU.ActiveCfg = Release|Win32
		{484238C7-6B0B-4EA0-A65F-8BE74D144E24}.Release|Mixed Platforms.ActiveCfg = Release|Win32
		{484238C7-6B0B-4EA0-A65F-8BE74D144E24}.Release|Mixed Platforms.Build.0 = Release|Win32
		{484238C7-6B0B-4EA0-A65F-8BE74D144E24}.Release|Win32.ActiveCfg = Release|Win32
		{484238C7-6B0B-4EA0-A65F-8BE74D144E24}.Release|Win32.Build.0 = Release|Win32
		{484238C7-6B0B-4EA0-A65F-8BE74D144E24}.Release|x64.ActiveCfg = Release|Win32
		{484238C7-6B0B-4EA0-A65F-8BE74D144E24}.Release|x86.ActiveCfg = Release|Win32
		{2EE3C817-0EEC-422F-B388-D3D7EF5C1B6F}.Debug|Any CPU.ActiveCfg = Debug|x86
		{2EE3C817-0EEC-422F-B388-D3D7EF5C1B6F}.Debug|Mixed Platforms.ActiveCfg = Debug|x86
		{2EE3C817-0EEC-422F-B388-D3D7EF5C1B6F}.Debug|Mixed Platforms.Build.0 = Debug|x86
		{2EE3C817-0EEC-422F-B388-D3D7EF5C1B6F}.Debug|Win32.ActiveCfg = Debug|x86
		{2EE3C817-0EEC-422F-B388-D3D7EF5C1B6F}.Debug|x64.ActiveCfg = Debug|x86
		{2EE3C817-0EEC-422F-B388-D3D7EF5C1B6F}.Debug|x86.ActiveCfg = Debug|x86
		{2EE3C817-0EEC-422F-B388-D3D7EF5C1B6F}.Debug|x86.Build.0 = Debug|x86
		{2EE3C817-0EEC-422F-B388-D3D7EF5C1B6F}.Release|Any CPU.ActiveCfg = Release|x86
		{2EE3C817-0EEC-422F-B388-D3D7EF5C1B6F}.Release|Mixed Platforms.ActiveCfg = Release|x86
		{2EE3C817-0EEC-422F-B388-D3D7EF5C1B6F}.Release|Mixed Platforms.Build.0 = Release|x86
		{2EE3C817-0EEC-422F-B388-D3D7EF5C1B6F}.Release|Win32.ActiveCfg = Release|x86
		{2EE3C817-0EEC-422F-B388-D3D7EF5C1B6F}.Release|x64.ActiveCfg = Release|x86
		{2EE3C817-0EEC-422F-B388-D3D7EF5C1B6F}.Release|x86.ActiveCfg = Release|x86
		{2EE3C817-0EEC-422F-B388-D3D7EF5C1B6F}.Release|x86.Build.0 = Release|x86
		{F27C14EE-1AAD-416F-B86E-83743A80B0DE}.Debug|Any CPU.ActiveCfg = Debug|x86
		{F27C14EE-1AAD-416F-B86E-83743A80B0DE}.Debug|Mixed Platforms.ActiveCfg = Debug|x86
		{F27C14EE-1AAD-416F-B86E-83743A80B0DE}.Debug|Mixed Platforms.Build.0 = Debug|x86
		{F27C14EE-1AAD-416F-B86E-83743A80B0DE}.Debug|Win32.ActiveCfg = Debug|x86
		{F27C14EE-1AAD-416F-B86E-83743A80B0DE}.Debug|x64.ActiveCfg = Debug|x86
		{F27C14EE-1AAD-416F-B86E-83743A80B0DE}.Debug|x86.ActiveCfg = Debug|x86
		{F27C14EE-1AAD-416F-B86E-83743A80B0DE}.Debug|x86.Build.0 = Debug|x86
		{F27C14EE-1AAD-416F-B86E-83743A80B0DE}.Release|Any CPU.ActiveCfg = Release|x86
		{F27C14EE-1AAD-416F-B86E-83743A80B0DE}.Release|Mixed Platforms.ActiveCfg = Release|x86
		{F27C14EE-1AAD-416F-B86E-83743A80B0DE}.Release|Mixed Platforms.Build.0 = Release|x86
		{F27C14EE-1AAD-416F-B86E-83743A80B0DE}.Release|Win32.ActiveCfg = Release|x86
		{F27C14EE-1AAD-416F-B86E-83743A80B0DE}.Release|x64.ActiveCfg = Release|x86
		{F27C14EE-1AAD-416F-B86E-83743A80B0DE}.Release|x86.ActiveCfg = Release|x86
		{F27C14EE-1AAD-416F-B86E-83743A80B0DE}.Release|x86.Build.0 = Release|x86
		{1A737DFA-DE02-4446-A6AB-26691DCAC6EB}.Debug|Any CPU.ActiveCfg = Debug|Any CPU
		{1A737DFA-DE02-4446-A6AB-26691DCAC6EB}.Debug|Any CPU.Build.0 = Debug|Any CPU
		{1A737DFA-DE02-4446-A6AB-26691DCAC6EB}.Debug|Mixed Platforms.ActiveCfg = Debug|Any CPU
		{1A737DFA-DE02-4446-A6AB-26691DCAC6EB}.Debug|Mixed Platforms.Build.0 = Debug|Any CPU
		{1A737DFA-DE02-4446-A6AB-26691DCAC6EB}.Debug|Win32.ActiveCfg = Debug|Any CPU
		{1A737DFA-DE02-4446-A6AB-26691DCAC6EB}.Debug|x64.ActiveCfg = Debug|Any CPU
		{1A737DFA-DE02-4446-A6AB-26691DCAC6EB}.Debug|x86.ActiveCfg = Debug|Any CPU
		{1A737DFA-DE02-4446-A6AB-26691DCAC6EB}.Release|Any CPU.ActiveCfg = Release|Any CPU
		{1A737DFA-DE02-4446-A6AB-26691DCAC6EB}.Release|Any CPU.Build.0 = Release|Any CPU
		{1A737DFA-DE02-4446-A6AB-26691DCAC6EB}.Release|Mixed Platforms.ActiveCfg = Release|Any CPU
		{1A737DFA-DE02-4446-A6AB-26691DCAC6EB}.Release|Mixed Platforms.Build.0 = Release|Any CPU
		{1A737DFA-DE02-4446-A6AB-26691DCAC6EB}.Release|Win32.ActiveCfg = Release|x86
		{1A737DFA-DE02-4446-A6AB-26691DCAC6EB}.Release|x64.ActiveCfg = Release|Any CPU
		{1A737DFA-DE02-4446-A6AB-26691DCAC6EB}.Release|x86.ActiveCfg = Release|Any CPU
		{A02CD50F-D48F-40A1-BB9B-B70084057F61}.Debug|Any CPU.ActiveCfg = Debug|x86
		{A02CD50F-D48F-40A1-BB9B-B70084057F61}.Debug|Mixed Platforms.ActiveCfg = Debug|x86
		{A02CD50F-D48F-40A1-BB9B-B70084057F61}.Debug|Mixed Platforms.Build.0 = Debug|x86
		{A02CD50F-D48F-40A1-BB9B-B70084057F61}.Debug|Win32.ActiveCfg = Debug|x86
		{A02CD50F-D48F-40A1-BB9B-B70084057F61}.Debug|x64.ActiveCfg = Debug|x86
		{A02CD50F-D48F-40A1-BB9B-B70084057F61}.Debug|x86.ActiveCfg = Debug|x86
		{A02CD50F-D48F-40A1-BB9B-B70084057F61}.Debug|x86.Build.0 = Debug|x86
		{A02CD50F-D48F-40A1-BB9B-B70084057F61}.Release|Any CPU.ActiveCfg = Release|x86
		{A02CD50F-D48F-40A1-BB9B-B70084057F61}.Release|Mixed Platforms.ActiveCfg = Release|x86
		{A02CD50F-D48F-40A1-BB9B-B70084057F61}.Release|Mixed Platforms.Build.0 = Release|x86
		{A02CD50F-D48F-40A1-BB9B-B70084057F61}.Release|Win32.ActiveCfg = Release|Any CPU
		{A02CD50F-D48F-40A1-BB9B-B70084057F61}.Release|x64.ActiveCfg = Release|x86
		{A02CD50F-D48F-40A1-BB9B-B70084057F61}.Release|x86.ActiveCfg = Release|x86
		{A02CD50F-D48F-40A1-BB9B-B70084057F61}.Release|x86.Build.0 = Release|x86
		{110016BD-D02B-4AE6-BE40-AB6653996B9C}.Debug|Any CPU.ActiveCfg = Debug|Win32
		{110016BD-D02B-4AE6-BE40-AB6653996B9C}.Debug|Mixed Platforms.ActiveCfg = Debug|Win32
		{110016BD-D02B-4AE6-BE40-AB6653996B9C}.Debug|Mixed Platforms.Build.0 = Debug|Win32
		{110016BD-D02B-4AE6-BE40-AB6653996B9C}.Debug|Win32.ActiveCfg = Debug|Win32
		{110016BD-D02B-4AE6-BE40-AB6653996B9C}.Debug|Win32.Build.0 = Debug|Win32
		{110016BD-D02B-4AE6-BE40-AB6653996B9C}.Debug|x64.ActiveCfg = Debug|Win32
		{110016BD-D02B-4AE6-BE40-AB6653996B9C}.Debug|x86.ActiveCfg = Debug|Win32
		{110016BD-D02B-4AE6-BE40-AB6653996B9C}.Release|Any CPU.ActiveCfg = Release|Win32
		{110016BD-D02B-4AE6-BE40-AB6653996B9C}.Release|Mixed Platforms.ActiveCfg = Release|Win32
		{110016BD-D02B-4AE6-BE40-AB6653996B9C}.Release|Mixed Platforms.Build.0 = Release|Win32
		{110016BD-D02B-4AE6-BE40-AB6653996B9C}.Release|Win32.ActiveCfg = Release|Win32
		{110016BD-D02B-4AE6-BE40-AB6653996B9C}.Release|Win32.Build.0 = Release|Win32
		{110016BD-D02B-4AE6-BE40-AB6653996B9C}.Release|x64.ActiveCfg = Release|x64
		{110016BD-D02B-4AE6-BE40-AB6653996B9C}.Release|x86.ActiveCfg = Release|Win32
		{5E6559C7-0116-4D18-9FD7-DBCB07725300}.Debug|Any CPU.ActiveCfg = Debug
		{5E6559C7-0116-4D18-9FD7-DBCB07725300}.Debug|Mixed Platforms.ActiveCfg = Debug
		{5E6559C7-0116-4D18-9FD7-DBCB07725300}.Debug|Win32.ActiveCfg = Debug
		{5E6559C7-0116-4D18-9FD7-DBCB07725300}.Debug|x64.ActiveCfg = Debug
		{5E6559C7-0116-4D18-9FD7-DBCB07725300}.Debug|x86.ActiveCfg = Debug
		{5E6559C7-0116-4D18-9FD7-DBCB07725300}.Release|Any CPU.ActiveCfg = Release
		{5E6559C7-0116-4D18-9FD7-DBCB07725300}.Release|Mixed Platforms.ActiveCfg = Release
		{5E6559C7-0116-4D18-9FD7-DBCB07725300}.Release|Win32.ActiveCfg = Release
		{5E6559C7-0116-4D18-9FD7-DBCB07725300}.Release|x64.ActiveCfg = Release
		{5E6559C7-0116-4D18-9FD7-DBCB07725300}.Release|x86.ActiveCfg = Release
		{305C5BAB-543A-4332-8DB2-C62F365F4E52}.Debug|Any CPU.ActiveCfg = Debug|x86
		{305C5BAB-543A-4332-8DB2-C62F365F4E52}.Debug|Mixed Platforms.ActiveCfg = Debug|x86
		{305C5BAB-543A-4332-8DB2-C62F365F4E52}.Debug|Mixed Platforms.Build.0 = Debug|x86
		{305C5BAB-543A-4332-8DB2-C62F365F4E52}.Debug|Win32.ActiveCfg = Debug|x86
		{305C5BAB-543A-4332-8DB2-C62F365F4E52}.Debug|x64.ActiveCfg = Debug|x86
		{305C5BAB-543A-4332-8DB2-C62F365F4E52}.Debug|x86.ActiveCfg = Debug|x86
		{305C5BAB-543A-4332-8DB2-C62F365F4E52}.Debug|x86.Build.0 = Debug|x86
		{305C5BAB-543A-4332-8DB2-C62F365F4E52}.Release|Any CPU.ActiveCfg = Release|x86
		{305C5BAB-543A-4332-8DB2-C62F365F4E52}.Release|Mixed Platforms.ActiveCfg = Release|x86
		{305C5BAB-543A-4332-8DB2-C62F365F4E52}.Release|Mixed Platforms.Build.0 = Release|x86
		{305C5BAB-543A-4332-8DB2-C62F365F4E52}.Release|Win32.ActiveCfg = Release|x86
		{305C5BAB-543A-4332-8DB2-C62F365F4E52}.Release|x64.ActiveCfg = Release|x86
		{305C5BAB-543A-4332-8DB2-C62F365F4E52}.Release|x86.ActiveCfg = Release|x86
		{305C5BAB-543A-4332-8DB2-C62F365F4E52}.Release|x86.Build.0 = Release|x86
		{120EBCB4-0705-48FD-BA9B-27B5D9ED796D}.Debug|Any CPU.ActiveCfg = Debug
		{120EBCB4-0705-48FD-BA9B-27B5D9ED796D}.Debug|Mixed Platforms.ActiveCfg = Debug
		{120EBCB4-0705-48FD-BA9B-27B5D9ED796D}.Debug|Win32.ActiveCfg = Debug
		{120EBCB4-0705-48FD-BA9B-27B5D9ED796D}.Debug|x64.ActiveCfg = Debug
		{120EBCB4-0705-48FD-BA9B-27B5D9ED796D}.Debug|x86.ActiveCfg = Debug
		{120EBCB4-0705-48FD-BA9B-27B5D9ED796D}.Release|Any CPU.ActiveCfg = Release
		{120EBCB4-0705-48FD-BA9B-27B5D9ED796D}.Release|Mixed Platforms.ActiveCfg = Release
		{120EBCB4-0705-48FD-BA9B-27B5D9ED796D}.Release|Win32.ActiveCfg = Release
		{120EBCB4-0705-48FD-BA9B-27B5D9ED796D}.Release|x64.ActiveCfg = Release
		{120EBCB4-0705-48FD-BA9B-27B5D9ED796D}.Release|x86.ActiveCfg = Release
		{5D7BBE32-2AAD-46FF-B04B-BCE2A7FD347A}.Debug|Any CPU.ActiveCfg = Debug|Win32
		{5D7BBE32-2AAD-46FF-B04B-BCE2A7FD347A}.Debug|Mixed Platforms.ActiveCfg = Debug|Win32
		{5D7BBE32-2AAD-46FF-B04B-BCE2A7FD347A}.Debug|Mixed Platforms.Build.0 = Debug|Win32
		{5D7BBE32-2AAD-46FF-B04B-BCE2A7FD347A}.Debug|Win32.ActiveCfg = Debug|Win32
		{5D7BBE32-2AAD-46FF-B04B-BCE2A7FD347A}.Debug|Win32.Build.0 = Debug|Win32
		{5D7BBE32-2AAD-46FF-B04B-BCE2A7FD347A}.Debug|x64.ActiveCfg = Debug|Win32
		{5D7BBE32-2AAD-46FF-B04B-BCE2A7FD347A}.Debug|x86.ActiveCfg = Debug|Win32
		{5D7BBE32-2AAD-46FF-B04B-BCE2A7FD347A}.Release|Any CPU.ActiveCfg = Release|Win32
		{5D7BBE32-2AAD-46FF-B04B-BCE2A7FD347A}.Release|Mixed Platforms.ActiveCfg = Release|Win32
		{5D7BBE32-2AAD-46FF-B04B-BCE2A7FD347A}.Release|Mixed Platforms.Build.0 = Release|Win32
		{5D7BBE32-2AAD-46FF-B04B-BCE2A7FD347A}.Release|Win32.ActiveCfg = Release|Win32
		{5D7BBE32-2AAD-46FF-B04B-BCE2A7FD347A}.Release|Win32.Build.0 = Release|Win32
		{5D7BBE32-2AAD-46FF-B04B-BCE2A7FD347A}.Release|x64.ActiveCfg = Release|x64
		{5D7BBE32-2AAD-46FF-B04B-BCE2A7FD347A}.Release|x86.ActiveCfg = Release|Win32
		{45D92B35-39AF-4AF2-8F31-B781A99108F8}.Debug|Any CPU.ActiveCfg = Debug|Win32
		{45D92B35-39AF-4AF2-8F31-B781A99108F8}.Debug|Mixed Platforms.ActiveCfg = Debug|Win32
		{45D92B35-39AF-4AF2-8F31-B781A99108F8}.Debug|Mixed Platforms.Build.0 = Debug|Win32
		{45D92B35-39AF-4AF2-8F31-B781A99108F8}.Debug|Win32.ActiveCfg = Debug|Win32
		{45D92B35-39AF-4AF2-8F31-B781A99108F8}.Debug|Win32.Build.0 = Debug|Win32
		{45D92B35-39AF-4AF2-8F31-B781A99108F8}.Debug|x64.ActiveCfg = Debug|Win32
		{45D92B35-39AF-4AF2-8F31-B781A99108F8}.Debug|x86.ActiveCfg = Debug|Win32
		{45D92B35-39AF-4AF2-8F31-B781A99108F8}.Release|Any CPU.ActiveCfg = Release|Win32
		{45D92B35-39AF-4AF2-8F31-B781A99108F8}.Release|Mixed Platforms.ActiveCfg = Release|Win32
		{45D92B35-39AF-4AF2-8F31-B781A99108F8}.Release|Mixed Platforms.Build.0 = Release|Win32
		{45D92B35-39AF-4AF2-8F31-B781A99108F8}.Release|Win32.ActiveCfg = Release|Win32
		{45D92B35-39AF-4AF2-8F31-B781A99108F8}.Release|Win32.Build.0 = Release|Win32
		{45D92B35-39AF-4AF2-8F31-B781A99108F8}.Release|x64.ActiveCfg = Release|x64
		{45D92B35-39AF-4AF2-8F31-B781A99108F8}.Release|x64.Build.0 = Release|x64
		{45D92B35-39AF-4AF2-8F31-B781A99108F8}.Release|x86.ActiveCfg = Release|Win32
		{F2112FBB-89D3-44B7-AA25-044C24E09770}.Debug|Any CPU.ActiveCfg = Debug|Win32
		{F2112FBB-89D3-44B7-AA25-044C24E09770}.Debug|Mixed Platforms.ActiveCfg = Debug|Win32
		{F2112FBB-89D3-44B7-AA25-044C24E09770}.Debug|Mixed Platforms.Build.0 = Debug|Win32
		{F2112FBB-89D3-44B7-AA25-044C24E09770}.Debug|Win32.ActiveCfg = Debug|Win32
		{F2112FBB-89D3-44B7-AA25-044C24E09770}.Debug|Win32.Build.0 = Debug|Win32
		{F2112FBB-89D3-44B7-AA25-044C24E09770}.Debug|x64.ActiveCfg = Debug|Win32
		{F2112FBB-89D3-44B7-AA25-044C24E09770}.Debug|x86.ActiveCfg = Debug|Win32
		{F2112FBB-89D3-44B7-AA25-044C24E09770}.Release|Any CPU.ActiveCfg = Release|Win32
		{F2112FBB-89D3-44B7-AA25-044C24E09770}.Release|Mixed Platforms.ActiveCfg = Release|Win32
		{F2112FBB-89D3-44B7-AA25-044C24E09770}.Release|Mixed Platforms.Build.0 = Release|Win32
		{F2112FBB-89D3-44B7-AA25-044C24E09770}.Release|Win32.ActiveCfg = Release|Win32
		{F2112FBB-89D3-44B7-AA25-044C24E09770}.Release|Win32.Build.0 = Release|Win32
		{F2112FBB-89D3-44B7-AA25-044C24E09770}.Release|x64.ActiveCfg = Release|x64
		{F2112FBB-89D3-44B7-AA25-044C24E09770}.Release|x86.ActiveCfg = Release|Win32
		{780AE895-BB69-47E4-8EAB-7FE48817A9C2}.Debug|Any CPU.ActiveCfg = Debug|Win32
		{780AE895-BB69-47E4-8EAB-7FE48817A9C2}.Debug|Mixed Platforms.ActiveCfg = Debug|Win32
		{780AE895-BB69-47E4-8EAB-7FE48817A9C2}.Debug|Mixed Platforms.Build.0 = Debug|Win32
		{780AE895-BB69-47E4-8EAB-7FE48817A9C2}.Debug|Win32.ActiveCfg = Debug|Win32
		{780AE895-BB69-47E4-8EAB-7FE48817A9C2}.Debug|Win32.Build.0 = Debug|Win32
		{780AE895-BB69-47E4-8EAB-7FE48817A9C2}.Debug|x64.ActiveCfg = Debug|Win32
		{780AE895-BB69-47E4-8EAB-7FE48817A9C2}.Debug|x86.ActiveCfg = Debug|Win32
		{780AE895-BB69-47E4-8EAB-7FE48817A9C2}.Release|Any CPU.ActiveCfg = Release|Win32
		{780AE895-BB69-47E4-8EAB-7FE48817A9C2}.Release|Mixed Platforms.ActiveCfg = Release|Win32
		{780AE895-BB69-47E4-8EAB-7FE48817A9C2}.Release|Mixed Platforms.Build.0 = Release|Win32
		{780AE895-BB69-47E4-8EAB-7FE48817A9C2}.Release|Win32.ActiveCfg = Release|Win32
		{780AE895-BB69-47E4-8EAB-7FE48817A9C2}.Release|Win32.Build.0 = Release|Win32
		{780AE895-BB69-47E4-8EAB-7FE48817A9C2}.Release|x64.ActiveCfg = Release|x64
		{780AE895-BB69-47E4-8EAB-7FE48817A9C2}.Release|x86.ActiveCfg = Release|Win32
		{893BCB18-93FF-4B8B-90E5-C50F981847A5}.Debug|Any CPU.ActiveCfg = Debug|Win32
		{893BCB18-93FF-4B8B-90E5-C50F981847A5}.Debug|Mixed Platforms.ActiveCfg = Debug|Win32
		{893BCB18-93FF-4B8B-90E5-C50F981847A5}.Debug|Mixed Platforms.Build.0 = Debug|Win32
		{893BCB18-93FF-4B8B-90E5-C50F981847A5}.Debug|Win32.ActiveCfg = Debug|Win32
		{893BCB18-93FF-4B8B-90E5-C50F981847A5}.Debug|Win32.Build.0 = Debug|Win32
		{893BCB18-93FF-4B8B-90E5-C50F981847A5}.Debug|x64.ActiveCfg = Debug|Win32
		{893BCB18-93FF-4B8B-90E5-C50F981847A5}.Debug|x86.ActiveCfg = Debug|Win32
		{893BCB18-93FF-4B8B-90E5-C50F981847A5}.Release|Any CPU.ActiveCfg = Release|Win32
		{893BCB18-93FF-4B8B-90E5-C50F981847A5}.Release|Mixed Platforms.ActiveCfg = Release|Win32
		{893BCB18-93FF-4B8B-90E5-C50F981847A5}.Release|Mixed Platforms.Build.0 = Release|Win32
		{893BCB18-93FF-4B8B-90E5-C50F981847A5}.Release|Win32.ActiveCfg = Release|Win32
		{893BCB18-93FF-4B8B-90E5-C50F981847A5}.Release|Win32.Build.0 = Release|Win32
		{893BCB18-93FF-4B8B-90E5-C50F981847A5}.Release|x64.ActiveCfg = Release|x64
		{893BCB18-93FF-4B8B-90E5-C50F981847A5}.Release|x86.ActiveCfg = Release|Win32
		{3E03F299-89E6-48B1-875B-8B49492F9646}.Debug|Any CPU.ActiveCfg = Debug|x86
		{3E03F299-89E6-48B1-875B-8B49492F9646}.Debug|Mixed Platforms.ActiveCfg = Debug|x86
		{3E03F299-89E6-48B1-875B-8B49492F9646}.Debug|Mixed Platforms.Build.0 = Debug|x86
		{3E03F299-89E6-48B1-875B-8B49492F9646}.Debug|Win32.ActiveCfg = Debug|x86
		{3E03F299-89E6-48B1-875B-8B49492F9646}.Debug|x64.ActiveCfg = Debug|x86
		{3E03F299-89E6-48B1-875B-8B49492F9646}.Debug|x86.ActiveCfg = Debug|x86
		{3E03F299-89E6-48B1-875B-8B49492F9646}.Debug|x86.Build.0 = Debug|x86
		{3E03F299-89E6-48B1-875B-8B49492F9646}.Release|Any CPU.ActiveCfg = Release|x86
		{3E03F299-89E6-48B1-875B-8B49492F9646}.Release|Mixed Platforms.ActiveCfg = Release|x86
		{3E03F299-89E6-48B1-875B-8B49492F9646}.Release|Mixed Platforms.Build.0 = Release|x86
		{3E03F299-89E6-48B1-875B-8B49492F9646}.Release|Win32.ActiveCfg = Release|x86
		{3E03F299-89E6-48B1-875B-8B49492F9646}.Release|x64.ActiveCfg = Release|x86
		{3E03F299-89E6-48B1-875B-8B49492F9646}.Release|x86.ActiveCfg = Release|x86
		{3E03F299-89E6-48B1-875B-8B49492F9646}.Release|x86.Build.0 = Release|x86
		{EC06C061-BF84-4D54-B681-46C3F631AD5B}.Debug|Any CPU.ActiveCfg = Debug|Win32
		{EC06C061-BF84-4D54-B681-46C3F631AD5B}.Debug|Mixed Platforms.ActiveCfg = Debug|Win32
		{EC06C061-BF84-4D54-B681-46C3F631AD5B}.Debug|Mixed Platforms.Build.0 = Debug|Win32
		{EC06C061-BF84-4D54-B681-46C3F631AD5B}.Debug|Win32.ActiveCfg = Debug|Win32
		{EC06C061-BF84-4D54-B681-46C3F631AD5B}.Debug|Win32.Build.0 = Debug|Win32
		{EC06C061-BF84-4D54-B681-46C3F631AD5B}.Debug|x64.ActiveCfg = Debug|Win32
		{EC06C061-BF84-4D54-B681-46C3F631AD5B}.Debug|x86.ActiveCfg = Debug|Win32
		{EC06C061-BF84-4D54-B681-46C3F631AD5B}.Release|Any CPU.ActiveCfg = Release|Win32
		{EC06C061-BF84-4D54-B681-46C3F631AD5B}.Release|Mixed Platforms.ActiveCfg = Release|Win32
		{EC06C061-BF84-4D54-B681-46C3F631AD5B}.Release|Mixed Platforms.Build.0 = Release|Win32
		{EC06C061-BF84-4D54-B681-46C3F631AD5B}.Release|Win32.ActiveCfg = Release|Win32
		{EC06C061-BF84-4D54-B681-46C3F631AD5B}.Release|Win32.Build.0 = Release|Win32
		{EC06C061-BF84-4D54-B681-46C3F631AD5B}.Release|x64.ActiveCfg = Release|x64
		{EC06C061-BF84-4D54-B681-46C3F631AD5B}.Release|x86.ActiveCfg = Release|Win32
		{B0D0C240-8679-41AA-9902-C53588210506}.Debug|Any CPU.ActiveCfg = Debug|x86
		{B0D0C240-8679-41AA-9902-C53588210506}.Debug|Mixed Platforms.ActiveCfg = Debug|x86
		{B0D0C240-8679-41AA-9902-C53588210506}.Debug|Mixed Platforms.Build.0 = Debug|x86
		{B0D0C240-8679-41AA-9902-C53588210506}.Debug|Win32.ActiveCfg = Debug|x86
		{B0D0C240-8679-41AA-9902-C53588210506}.Debug|x64.ActiveCfg = Debug|x86
		{B0D0C240-8679-41AA-9902-C53588210506}.Debug|x86.ActiveCfg = Debug|x86
		{B0D0C240-8679-41AA-9902-C53588210506}.Debug|x86.Build.0 = Debug|x86
		{B0D0C240-8679-41AA-9902-C53588210506}.Release|Any CPU.ActiveCfg = Release|x86
		{B0D0C240-8679-41AA-9902-C53588210506}.Release|Mixed Platforms.ActiveCfg = Release|x86
		{B0D0C240-8679-41AA-9902-C53588210506}.Release|Mixed Platforms.Build.0 = Release|x86
		{B0D0C240-8679-41AA-9902-C53588210506}.Release|Win32.ActiveCfg = Release|x64
		{B0D0C240-8679-41AA-9902-C53588210506}.Release|x64.ActiveCfg = Release|x86
		{B0D0C240-8679-41AA-9902-C53588210506}.Release|x86.ActiveCfg = Release|x86
		{B0D0C240-8679-41AA-9902-C53588210506}.Release|x86.Build.0 = Release|x86
		{67C50385-6B96-45F8-9481-4D7EAC4E2548}.Debug|Any CPU.ActiveCfg = Debug
		{67C50385-6B96-45F8-9481-4D7EAC4E2548}.Debug|Mixed Platforms.ActiveCfg = Debug
		{67C50385-6B96-45F8-9481-4D7EAC4E2548}.Debug|Win32.ActiveCfg = Debug
		{67C50385-6B96-45F8-9481-4D7EAC4E2548}.Debug|x64.ActiveCfg = Debug
		{67C50385-6B96-45F8-9481-4D7EAC4E2548}.Debug|x86.ActiveCfg = Debug
		{67C50385-6B96-45F8-9481-4D7EAC4E2548}.Release|Any CPU.ActiveCfg = Release
		{67C50385-6B96-45F8-9481-4D7EAC4E2548}.Release|Mixed Platforms.ActiveCfg = Release
		{67C50385-6B96-45F8-9481-4D7EAC4E2548}.Release|Win32.ActiveCfg = Release
		{67C50385-6B96-45F8-9481-4D7EAC4E2548}.Release|x64.ActiveCfg = Release
		{67C50385-6B96-45F8-9481-4D7EAC4E2548}.Release|x86.ActiveCfg = Release
		{C50C7569-A59A-4FAB-94AD-90308CADACCD}.Debug|Any CPU.ActiveCfg = Debug|x64
		{C50C7569-A59A-4FAB-94AD-90308CADACCD}.Debug|Mixed Platforms.ActiveCfg = Debug|x64
		{C50C7569-A59A-4FAB-94AD-90308CADACCD}.Debug|Mixed Platforms.Build.0 = Debug|x64
		{C50C7569-A59A-4FAB-94AD-90308CADACCD}.Debug|Win32.ActiveCfg = Debug|Win32
		{C50C7569-A59A-4FAB-94AD-90308CADACCD}.Debug|Win32.Build.0 = Debug|Win32
		{C50C7569-A59A-4FAB-94AD-90308CADACCD}.Debug|x64.ActiveCfg = Debug|x64
		{C50C7569-A59A-4FAB-94AD-90308CADACCD}.Debug|x64.Build.0 = Debug|x64
		{C50C7569-A59A-4FAB-94AD-90308CADACCD}.Debug|x86.ActiveCfg = Debug|x64
		{C50C7569-A59A-4FAB-94AD-90308CADACCD}.Release|Any CPU.ActiveCfg = Release|x64
		{C50C7569-A59A-4FAB-94AD-90308CADACCD}.Release|Mixed Platforms.ActiveCfg = Release|x64
		{C50C7569-A59A-4FAB-94AD-90308CADACCD}.Release|Mixed Platforms.Build.0 = Release|x64
		{C50C7569-A59A-4FAB-94AD-90308CADACCD}.Release|Win32.ActiveCfg = Release|Win32
		{C50C7569-A59A-4FAB-94AD-90308CADACCD}.Release|Win32.Build.0 = Release|Win32
		{C50C7569-A59A-4FAB-94AD-90308CADACCD}.Release|x64.ActiveCfg = Release|x64
		{C50C7569-A59A-4FAB-94AD-90308CADACCD}.Release|x64.Build.0 = Release|x64
		{C50C7569-A59A-4FAB-94AD-90308CADACCD}.Release|x86.ActiveCfg = Release|x64
	EndGlobalSection
	GlobalSection(SolutionProperties) = preSolution
		HideSolutionNode = FALSE
	EndGlobalSection
	GlobalSection(NestedProjects) = preSolution
		{67A428E5-5537-4D50-8F0A-DCEE01B4BAB5} = {54CF80A1-7C28-4A68-B853-02498E97C1D0}
		{86FC5ADF-CFB0-405E-B542-ED43E551435F} = {54CF80A1-7C28-4A68-B853-02498E97C1D0}
		{7B2551ED-4F29-45D9-A33C-687FFEDB7317} = {54CF80A1-7C28-4A68-B853-02498E97C1D0}
		{00886641-6E83-48E8-B624-BDE8A5CDF515} = {54CF80A1-7C28-4A68-B853-02498E97C1D0}
		{B271B7FE-CD5A-4970-829A-D2220F6271B6} = {54CF80A1-7C28-4A68-B853-02498E97C1D0}
		{A92C880B-A632-4EF9-9F29-621835CDE755} = {54CF80A1-7C28-4A68-B853-02498E97C1D0}
		{484238C7-6B0B-4EA0-A65F-8BE74D144E24} = {54CF80A1-7C28-4A68-B853-02498E97C1D0}
		{780AE895-BB69-47E4-8EAB-7FE48817A9C2} = {54CF80A1-7C28-4A68-B853-02498E97C1D0}
		{EC06C061-BF84-4D54-B681-46C3F631AD5B} = {54CF80A1-7C28-4A68-B853-02498E97C1D0}
		{7C9C9C96-3482-48DE-BDE0-C42BEDD46CB3} = {0B891D8A-3C6F-4C53-B73B-7346569F4426}
		{5988C4B5-CF83-4698-820B-059C8333D711} = {0B891D8A-3C6F-4C53-B73B-7346569F4426}
		{EDAA3D5D-116C-4EA2-AD91-827A69A2B574} = {0B891D8A-3C6F-4C53-B73B-7346569F4426}
		{DFEA05E6-70D1-4325-B3FD-6CCE8192F61B} = {0B891D8A-3C6F-4C53-B73B-7346569F4426}
		{D90EC54A-D369-4EEF-BA3F-E30BD539E559} = {0B891D8A-3C6F-4C53-B73B-7346569F4426}
		{2B71B2F0-EA7C-4549-93FE-15CE01774631} = {0B891D8A-3C6F-4C53-B73B-7346569F4426}
		{893BCB18-93FF-4B8B-90E5-C50F981847A5} = {0B891D8A-3C6F-4C53-B73B-7346569F4426}
		{73BBB960-F7F6-46D9-990D-2A9CAFF1858D} = {5EDA46D8-A24C-4B74-AE13-BE976EEC61B6}
		{2CE873DF-B360-4578-ABDA-25971CFD2E7B} = {5EDA46D8-A24C-4B74-AE13-BE976EEC61B6}
		{5E83B55B-2C64-4BBE-8078-4567196CFA67} = {5EDA46D8-A24C-4B74-AE13-BE976EEC61B6}
		{69D87D42-D090-45F6-813C-FC055280EE57} = {5EDA46D8-A24C-4B74-AE13-BE976EEC61B6}
		{51E32D2B-B7F3-4F55-8F1A-1AF933BC17F1} = {B00F9B97-54E9-4D7F-8AB0-71BFD6028C79}
		{2F7B4AB3-E016-4473-B1FA-DCA9D1A62278} = {B00F9B97-54E9-4D7F-8AB0-71BFD6028C79}
		{5D7BBE32-2AAD-46FF-B04B-BCE2A7FD347A} = {B00F9B97-54E9-4D7F-8AB0-71BFD6028C79}
		{C50C7569-A59A-4FAB-94AD-90308CADACCD} = {B00F9B97-54E9-4D7F-8AB0-71BFD6028C79}
		{C58502B4-4032-45AE-B759-4FA5D3526CAD} = {B6B49342-DF84-47B3-B752-54C79AE2DE03}
		{6A213FA0-3235-42B8-B6ED-BF2A9AE75B05} = {B6B49342-DF84-47B3-B752-54C79AE2DE03}
		{8B9C2D7A-2984-48DA-993F-E9018279E4F4} = {B6B49342-DF84-47B3-B752-54C79AE2DE03}
		{D0DD6403-E43F-4F1C-A2BB-A4E577C4D60C} = {B6B49342-DF84-47B3-B752-54C79AE2DE03}
		{E108C75A-E06A-4F4B-9D46-16F332CBDC89} = {B6B49342-DF84-47B3-B752-54C79AE2DE03}
		{C9EEF438-F44E-4A73-B099-17127B6013D2} = {B6B49342-DF84-47B3-B752-54C79AE2DE03}
		{06E4F7D0-9775-48A0-9512-5564CD7F9BB0} = {B6B49342-DF84-47B3-B752-54C79AE2DE03}
		{459F540F-1AFE-4A43-A289-CD3BE72ACCDF} = {B6B49342-DF84-47B3-B752-54C79AE2DE03}
		{120EBCB4-0705-48FD-BA9B-27B5D9ED796D} = {B6B49342-DF84-47B3-B752-54C79AE2DE03}
		{ED253D0A-2D02-4DE7-A8DE-37BC4A93D346} = {0D6638D8-E3CC-41C2-9F27-70AFD96E82EA}
		{39EC6907-874B-4E37-B205-FFB2D4C92AB0} = {0D6638D8-E3CC-41C2-9F27-70AFD96E82EA}
		{5E6559C7-0116-4D18-9FD7-DBCB07725300} = {0D6638D8-E3CC-41C2-9F27-70AFD96E82EA}
		{3E03F299-89E6-48B1-875B-8B49492F9646} = {0D6638D8-E3CC-41C2-9F27-70AFD96E82EA}
		{67C50385-6B96-45F8-9481-4D7EAC4E2548} = {0D6638D8-E3CC-41C2-9F27-70AFD96E82EA}
		{2EE3C817-0EEC-422F-B388-D3D7EF5C1B6F} = {1E96F969-1AA1-4C5D-BE41-8A27EF28EDB2}
		{F27C14EE-1AAD-416F-B86E-83743A80B0DE} = {1E96F969-1AA1-4C5D-BE41-8A27EF28EDB2}
		{1A737DFA-DE02-4446-A6AB-26691DCAC6EB} = {1E96F969-1AA1-4C5D-BE41-8A27EF28EDB2}
		{87F0CE37-2CDA-40F3-B620-554DB4ABBCB3} = {1E96F969-1AA1-4C5D-BE41-8A27EF28EDB2}
		{A02CD50F-D48F-40A1-BB9B-B70084057F61} = {87F0CE37-2CDA-40F3-B620-554DB4ABBCB3}
		{110016BD-D02B-4AE6-BE40-AB6653996B9C} = {87F0CE37-2CDA-40F3-B620-554DB4ABBCB3}
		{305C5BAB-543A-4332-8DB2-C62F365F4E52} = {87F0CE37-2CDA-40F3-B620-554DB4ABBCB3}
		{45D92B35-39AF-4AF2-8F31-B781A99108F8} = {BD418A08-8FB4-4781-ABE4-091900CE7924}
		{F2112FBB-89D3-44B7-AA25-044C24E09770} = {BD418A08-8FB4-4781-ABE4-091900CE7924}
		{B0D0C240-8679-41AA-9902-C53588210506} = {D30B724D-ED79-4B5F-8AB6-6DEFA86FC0AC}
	EndGlobalSection
EndGlobal
